Microsoft Visual Studio Solution File, Format Version 12.00
# Visual Studio 14
VisualStudioVersion = 14.0.23107.0
MinimumVisualStudioVersion = 10.0.40219.1
Project("{FAE04EC0-301F-11D3-BF4B-00C04F79EFBC}") = "PeanutButter.RandomGenerators", "PeanutButter.RandomGenerators\PeanutButter.RandomGenerators.csproj", "{CB22D9AE-A2A8-45D0-92B9-FADC687120F0}"
EndProject
Project("{FAE04EC0-301F-11D3-BF4B-00C04F79EFBC}") = "PeanutButter.TestUtils.Generic", "PeanutButter.TestUtils\PeanutButter.TestUtils.Generic.csproj", "{6DDD7F9E-857A-442B-9148-05B34EA279C4}"
EndProject
Project("{FAE04EC0-301F-11D3-BF4B-00C04F79EFBC}") = "PeanutButter.TestUtils.MVC", "PeanutButter.TestUtils.MVC\PeanutButter.TestUtils.MVC.csproj", "{851DA54E-4FBF-4F02-9C65-52B22015415D}"
EndProject
Project("{FAE04EC0-301F-11D3-BF4B-00C04F79EFBC}") = "PeanutButter.MVC", "PeanutButter.MVC\PeanutButter.MVC.csproj", "{BB13BD1A-730D-43B0-82FE-738399D3D21A}"
EndProject
Project("{FAE04EC0-301F-11D3-BF4B-00C04F79EFBC}") = "PeanutButter.MVC.Tests", "PeanutButter.MVC.Tests\PeanutButter.MVC.Tests.csproj", "{FCA96984-2E9E-44CC-8038-BB3F171343CF}"
EndProject
Project("{FAE04EC0-301F-11D3-BF4B-00C04F79EFBC}") = "PeanutButter.RandomGenerators.Tests", "PeanutButter.RandomGenerators.Tests\PeanutButter.RandomGenerators.Tests.csproj", "{3885D69D-15A3-4DAB-AC23-D292E1AB8128}"
EndProject
Project("{FAE04EC0-301F-11D3-BF4B-00C04F79EFBC}") = "PeanutButter.ServiceShell", "PeanutButter.ServiceShell\PeanutButter.ServiceShell.csproj", "{EF4F2F73-5126-4DE1-9729-AE758AAB5E0E}"
EndProject
Project("{FAE04EC0-301F-11D3-BF4B-00C04F79EFBC}") = "EmailSpooler.Win32Service", "EmailSpooler.Win32Service\EmailSpooler.Win32Service.csproj", "{74B3F773-06A9-4D1D-BEE9-A152DE005006}"
EndProject
Project("{FAE04EC0-301F-11D3-BF4B-00C04F79EFBC}") = "PeanutButter.WindowsServiceManagement", "PeanutButter.WindowsServiceManagement\PeanutButter.WindowsServiceManagement.csproj", "{C97C82C9-8975-4367-8B5E-386F93B6130C}"
EndProject
Project("{FAE04EC0-301F-11D3-BF4B-00C04F79EFBC}") = "EmailSpooler.Win32Service.DB", "EmailSpooler.Win32Service.DB\EmailSpooler.Win32Service.DB.csproj", "{3D515895-08FC-46B6-AB16-E2B9AC1AFFB3}"
EndProject
Project("{FAE04EC0-301F-11D3-BF4B-00C04F79EFBC}") = "EmailSpooler.Win32Service.Tests", "EmailSpooler.Win32Service.Tests\EmailSpooler.Win32Service.Tests.csproj", "{B848B10D-7434-48B4-A190-86A125F1C7C4}"
EndProject
Project("{FAE04EC0-301F-11D3-BF4B-00C04F79EFBC}") = "PeanutButter.Utils", "PeanutButter.Utils\PeanutButter.Utils.csproj", "{EFC85343-95B4-48C3-BCBE-579EA4868C0A}"
EndProject
Project("{FAE04EC0-301F-11D3-BF4B-00C04F79EFBC}") = "PeanutButter.Utils.Tests", "PeanutButter.Utils.Tests\PeanutButter.Utils.Tests.csproj", "{A7B7276C-B224-4289-8930-A821A4B03C90}"
EndProject
Project("{F184B08F-C81C-45F6-A57F-5ABD9991F28F}") = "PeanutButter.DatabaseHelpers", "PeanutButter.DatabaseHelpers\PeanutButter.DatabaseHelpers.vbproj", "{02DF2FD5-59E2-4EC8-80D1-E745D7D834C5}"
EndProject
Project("{F184B08F-C81C-45F6-A57F-5ABD9991F28F}") = "PeanutButter.DatabaseHelpers.Tests", "PeanutButter.DatabaseHelpers.Tests\PeanutButter.DatabaseHelpers.Tests.vbproj", "{06CFA7FB-6B07-45DF-896F-ECCEB6633E0B}"
EndProject
Project("{2150E333-8FDC-42A3-9474-1A3956D46DE8}") = ".nuget", ".nuget", "{E2A2D658-DF6C-4620-9E31-0720231D5CC0}"
	ProjectSection(SolutionItems) = preProject
		.nuget\NuGet.Config = .nuget\NuGet.Config
		.nuget\NuGet.exe = .nuget\NuGet.exe
		.nuget\NuGet.targets = .nuget\NuGet.targets
	EndProjectSection
EndProject
Project("{F184B08F-C81C-45F6-A57F-5ABD9991F28F}") = "PeanutButter.DatabaseHelpers.Testability", "PeanutButter.DatabaseHelpers.Testability\PeanutButter.DatabaseHelpers.Testability.vbproj", "{3D2EEE6D-E118-41FA-BB34-A0B56C993775}"
EndProject
Project("{FAE04EC0-301F-11D3-BF4B-00C04F79EFBC}") = "PeanutButter.DatabaseHelpers.NugetPackage", "PeanutButter.DatabaseHelpers.NugetPackage\PeanutButter.DatabaseHelpers.NugetPackage.csproj", "{0451BAEF-DF2E-4B98-8644-94EE9415E389}"
	ProjectSection(ProjectDependencies) = postProject
		{02DF2FD5-59E2-4EC8-80D1-E745D7D834C5} = {02DF2FD5-59E2-4EC8-80D1-E745D7D834C5}
	EndProjectSection
EndProject
Project("{FAE04EC0-301F-11D3-BF4B-00C04F79EFBC}") = "PeanutButter.DatabaseHelpers.Testability.NugetPackage", "PeanutButter.DatabaseHelpers.Testability.NugetPackage\PeanutButter.DatabaseHelpers.Testability.NugetPackage.csproj", "{90A441DE-E1AA-4FE1-934E-DAD19DC5872D}"
	ProjectSection(ProjectDependencies) = postProject
		{3D2EEE6D-E118-41FA-BB34-A0B56C993775} = {3D2EEE6D-E118-41FA-BB34-A0B56C993775}
	EndProjectSection
EndProject
Project("{FAE04EC0-301F-11D3-BF4B-00C04F79EFBC}") = "PeanutButter.RandomGenerators.NugetPackage", "PeanutButter.RandomGenerators.NugetPackage\PeanutButter.RandomGenerators.NugetPackage.csproj", "{54C192CB-A0F1-48F9-8D21-E5C805B328B2}"
	ProjectSection(ProjectDependencies) = postProject
		{CB22D9AE-A2A8-45D0-92B9-FADC687120F0} = {CB22D9AE-A2A8-45D0-92B9-FADC687120F0}
	EndProjectSection
EndProject
Project("{FAE04EC0-301F-11D3-BF4B-00C04F79EFBC}") = "PeanutButter.ServiceShell.NugetPackage", "PeanutButter.ServiceShell.NugetPackage\PeanutButter.ServiceShell.NugetPackage.csproj", "{7E1F4E7A-60A5-45C0-AB9E-8742212D36C8}"
	ProjectSection(ProjectDependencies) = postProject
		{1349BF60-FED9-4288-AE22-50DEDC2F6AC7} = {1349BF60-FED9-4288-AE22-50DEDC2F6AC7}
		{EF4F2F73-5126-4DE1-9729-AE758AAB5E0E} = {EF4F2F73-5126-4DE1-9729-AE758AAB5E0E}
		{C97C82C9-8975-4367-8B5E-386F93B6130C} = {C97C82C9-8975-4367-8B5E-386F93B6130C}
	EndProjectSection
EndProject
Project("{FAE04EC0-301F-11D3-BF4B-00C04F79EFBC}") = "PeanutButter.WindowsServiceManagement.NugetPackage", "PeanutButter.WindowsServiceManagement.NugetPackage\PeanutButter.WindowsServiceManagement.NugetPackage.csproj", "{1349BF60-FED9-4288-AE22-50DEDC2F6AC7}"
	ProjectSection(ProjectDependencies) = postProject
		{C97C82C9-8975-4367-8B5E-386F93B6130C} = {C97C82C9-8975-4367-8B5E-386F93B6130C}
	EndProjectSection
EndProject
Project("{FAE04EC0-301F-11D3-BF4B-00C04F79EFBC}") = "PeanutButter.Utils.NugetPackage", "PeanutButter.Utils.NugetPackage\PeanutButter.Utils.NugetPackage.csproj", "{5D323453-10D1-48C0-B1B7-8B2DA0B9843F}"
	ProjectSection(ProjectDependencies) = postProject
		{EFC85343-95B4-48C3-BCBE-579EA4868C0A} = {EFC85343-95B4-48C3-BCBE-579EA4868C0A}
	EndProjectSection
EndProject
Project("{FAE04EC0-301F-11D3-BF4B-00C04F79EFBC}") = "PeanutButter.TinyEventAggregator", "PeanutButter.TinyEventAggregator\PeanutButter.TinyEventAggregator.csproj", "{07D02ABA-ED94-47AD-83C0-F88CBEFDDCF0}"
EndProject
Project("{FAE04EC0-301F-11D3-BF4B-00C04F79EFBC}") = "PeanutButter.TinyEventAggregator.Tests", "PeanutButter.TinyEventAggregator.Tests\PeanutButter.TinyEventAggregator.Tests.csproj", "{ACB8C2F5-3C3D-4116-8A9C-5E7D8D7B0B83}"
EndProject
Project("{FAE04EC0-301F-11D3-BF4B-00C04F79EFBC}") = "PeanutButter.XmlUtils", "PeanutButter.XmlUtils\PeanutButter.XmlUtils.csproj", "{D67739CD-944E-4E88-B313-0E091CEA185B}"
EndProject
Project("{FAE04EC0-301F-11D3-BF4B-00C04F79EFBC}") = "PeanutButter.XmlUtils.Tests", "PeanutButter.XmlUtils.Tests\PeanutButter.XmlUtils.Tests.csproj", "{117D2204-3AF6-4A14-BAA1-50FB9B77C6F0}"
EndProject
Project("{FAE04EC0-301F-11D3-BF4B-00C04F79EFBC}") = "PeanutButter.XmlUtils.NuGetPackage", "PeanutButter.XmlUtils.NuGetPackage\PeanutButter.XmlUtils.NuGetPackage.csproj", "{2109C6DD-2FC7-42B1-8D9C-351DEA69DE76}"
	ProjectSection(ProjectDependencies) = postProject
		{D67739CD-944E-4E88-B313-0E091CEA185B} = {D67739CD-944E-4E88-B313-0E091CEA185B}
	EndProjectSection
EndProject
Project("{FAE04EC0-301F-11D3-BF4B-00C04F79EFBC}") = "PeanutButter.TestUtils.Generic.NugetPackage", "PeanutButter.TestUtils.Generic.NugetPackage\PeanutButter.TestUtils.Generic.NugetPackage.csproj", "{8135DBBC-E388-4CEC-BDCC-B9C3DA7E28B7}"
	ProjectSection(ProjectDependencies) = postProject
		{6DDD7F9E-857A-442B-9148-05B34EA279C4} = {6DDD7F9E-857A-442B-9148-05B34EA279C4}
	EndProjectSection
EndProject
Project("{FAE04EC0-301F-11D3-BF4B-00C04F79EFBC}") = "PeanutButter.TinyEventAggregator.NugetPackage", "PeanutButter.TinyEventAggregator.NuGetPackage\PeanutButter.TinyEventAggregator.NugetPackage.csproj", "{77DC46EB-600B-4761-A601-AEAC09D62594}"
	ProjectSection(ProjectDependencies) = postProject
		{07D02ABA-ED94-47AD-83C0-F88CBEFDDCF0} = {07D02ABA-ED94-47AD-83C0-F88CBEFDDCF0}
	EndProjectSection
EndProject
Project("{FAE04EC0-301F-11D3-BF4B-00C04F79EFBC}") = "PeanutButter.TestUtils.Generic.Tests", "PeanutButter.TestUtils.Generic.Tests\PeanutButter.TestUtils.Generic.Tests.csproj", "{B2384F64-BFCE-4FEF-8CD4-483137D56E5A}"
EndProject
Project("{FAE04EC0-301F-11D3-BF4B-00C04F79EFBC}") = "PeanutButter.TrayIcon", "PeanutButter.TrayIcon\PeanutButter.TrayIcon.csproj", "{17CDFD2E-E3E0-4DDD-AD71-9AA8434705E7}"
EndProject
Project("{FAE04EC0-301F-11D3-BF4B-00C04F79EFBC}") = "PeanutButter.TrayIcon.Tests", "PeanutButter.TrayIcon.Tests\PeanutButter.TrayIcon.Tests.csproj", "{394C0B79-0B29-426C-B990-474DA0303FB9}"
EndProject
Project("{FAE04EC0-301F-11D3-BF4B-00C04F79EFBC}") = "PeanutButter.INI", "PeanutButter.INI\PeanutButter.INI.csproj", "{64644CCE-0CC9-4CE5-BF0E-E45E425F6339}"
EndProject
Project("{FAE04EC0-301F-11D3-BF4B-00C04F79EFBC}") = "PeanutButter.INI.Tests", "PeanutButter.INI.Tests\PeanutButter.INI.Tests.csproj", "{E7E4E4BE-2C42-445F-8251-F2842557115E}"
EndProject
Project("{FAE04EC0-301F-11D3-BF4B-00C04F79EFBC}") = "PeanutButter.INI.NugetPackage", "PeanutButter.INI.NugetPackage\PeanutButter.INI.NugetPackage.csproj", "{C1407577-654E-4862-A15B-B8D1BA630363}"
	ProjectSection(ProjectDependencies) = postProject
		{64644CCE-0CC9-4CE5-BF0E-E45E425F6339} = {64644CCE-0CC9-4CE5-BF0E-E45E425F6339}
	EndProjectSection
EndProject
Project("{FAE04EC0-301F-11D3-BF4B-00C04F79EFBC}") = "PeanutButter.TrayIcon.NugetPackage", "PeanutButter.TrayIcon.NugetPackage\PeanutButter.TrayIcon.NugetPackage.csproj", "{546F9C7A-0E73-4042-9CCC-F1292154B1BE}"
EndProject
Project("{FAE04EC0-301F-11D3-BF4B-00C04F79EFBC}") = "PeanutButter.SimpleHTTPServer", "PeanutButter.SimpleHTTPServer\PeanutButter.SimpleHTTPServer.csproj", "{A624CEE2-8727-41B8-A6E1-9D819F745ADD}"
EndProject
Project("{FAE04EC0-301F-11D3-BF4B-00C04F79EFBC}") = "PeanutButter.SimpleHTTPServer.Tests", "PeanutButter.SimpleHTTPServer.Tests\PeanutButter.SimpleHTTPServer.Tests.csproj", "{717BEDB7-A70F-4BE3-8364-EBEAE9C3D64F}"
EndProject
Project("{FAE04EC0-301F-11D3-BF4B-00C04F79EFBC}") = "PeanutButter.SimpleHTTPServer.NugetPackage", "PeanutButter.SimpleHTTPServer.NugetPackage\PeanutButter.SimpleHTTPServer.NugetPackage.csproj", "{6D6B8665-19BF-49B0-867F-3D4383613122}"
	ProjectSection(ProjectDependencies) = postProject
		{A624CEE2-8727-41B8-A6E1-9D819F745ADD} = {A624CEE2-8727-41B8-A6E1-9D819F745ADD}
	EndProjectSection
EndProject
Project("{FAE04EC0-301F-11D3-BF4B-00C04F79EFBC}") = "PeanutButter.SimpleTcpServer", "PeanutButter.SimpleTcpServer\PeanutButter.SimpleTcpServer.csproj", "{A53A9B36-1307-4DC2-8BCF-DFA3087C62E8}"
EndProject
Project("{FAE04EC0-301F-11D3-BF4B-00C04F79EFBC}") = "PeanutButter.SimpleSMTPServer", "PeanutButter.SimpleSMTPServer\PeanutButter.SimpleSMTPServer.csproj", "{6EB5D481-A1F0-4CBD-99EC-F9AFB8F0119C}"
EndProject
Project("{FAE04EC0-301F-11D3-BF4B-00C04F79EFBC}") = "PeanutButter.SimpleSMTPServer.Tests", "PeanutButter.SimpleSMTPServer.Tests\PeanutButter.SimpleSMTPServer.Tests.csproj", "{BB91FE3E-0074-4DC4-B376-32194BBF568E}"
EndProject
Project("{FAE04EC0-301F-11D3-BF4B-00C04F79EFBC}") = "PeanutButter.WindowsServiceManagement.Tests", "PeanutButter.WindowsServiceManagement.Tests\PeanutButter.WindowsServiceManagement.Tests.csproj", "{4E12F322-096E-4E42-BA86-4BDBC8492115}"
EndProject
Project("{FAE04EC0-301F-11D3-BF4B-00C04F79EFBC}") = "PeanutButter.FluentMigrator", "PeanutButter.FluentMigrator\PeanutButter.FluentMigrator.csproj", "{6C7A1C15-555E-45A5-921E-F2A56A3D60F6}"
EndProject
Project("{FAE04EC0-301F-11D3-BF4B-00C04F79EFBC}") = "PeanutButter.FluentMigrator.NugetPackage", "PeanutButter.FluentMigrator.NugetPackage\PeanutButter.FluentMigrator.NugetPackage.csproj", "{8642135E-EB50-4D86-82D0-0FE71C953ABE}"
	ProjectSection(ProjectDependencies) = postProject
		{6C7A1C15-555E-45A5-921E-F2A56A3D60F6} = {6C7A1C15-555E-45A5-921E-F2A56A3D60F6}
	EndProjectSection
EndProject
Project("{FAE04EC0-301F-11D3-BF4B-00C04F79EFBC}") = "PeanutButter.NetUtils", "PeanutButter.NetUtils\PeanutButter.NetUtils.csproj", "{6855EB1F-F435-470A-A722-381D01415193}"
EndProject
Project("{FAE04EC0-301F-11D3-BF4B-00C04F79EFBC}") = "PeanutButter.NetUtils.Tests", "PeanutButter.NetUtils.Tests\PeanutButter.NetUtils.Tests.csproj", "{87B1AA14-40C5-4D04-BE99-4337D634AB99}"
EndProject
Project("{FAE04EC0-301F-11D3-BF4B-00C04F79EFBC}") = "PeanutButter.TempDb", "PeanutButter.TempDb\PeanutButter.TempDb.csproj", "{265C672B-B6F6-40F8-9180-B0BE5575ABDE}"
EndProject
Project("{FAE04EC0-301F-11D3-BF4B-00C04F79EFBC}") = "PeanutButter.TempDb.SqlCe", "PeanutButter.TempDb.SqlCe\PeanutButter.TempDb.SqlCe.csproj", "{94857B1A-5627-4B0F-9C75-32D39C3FF674}"
EndProject
Project("{FAE04EC0-301F-11D3-BF4B-00C04F79EFBC}") = "PeanutButter.TempDb.Sqlite", "PeanutButter.TempDb.Sqlite\PeanutButter.TempDb.Sqlite.csproj", "{344CB4A3-74F0-4559-A786-423E6888DB4B}"
EndProject
Project("{FAE04EC0-301F-11D3-BF4B-00C04F79EFBC}") = "PeanutButter.TempDb.LocalDb", "PeanutButter.TempDb.LocalDb\PeanutButter.TempDb.LocalDb.csproj", "{DA294B3F-58C7-4255-B6AA-82C2393DA49F}"
EndProject
Project("{FAE04EC0-301F-11D3-BF4B-00C04F79EFBC}") = "PeanutButter.TempDb.Tests", "PeanutButter.TempDb.Tests\PeanutButter.TempDb.Tests.csproj", "{685D9EE7-16ED-42B2-A7BB-087D788FC6FC}"
EndProject
Project("{FAE04EC0-301F-11D3-BF4B-00C04F79EFBC}") = "PeanutButter.TempDb.NugetPackage", "PeanutButter.TempDb.NugetPackage\PeanutButter.TempDb.NugetPackage.csproj", "{4F184A1D-FB06-47DA-93E1-2B45287ED20A}"
	ProjectSection(ProjectDependencies) = postProject
		{265C672B-B6F6-40F8-9180-B0BE5575ABDE} = {265C672B-B6F6-40F8-9180-B0BE5575ABDE}
	EndProjectSection
EndProject
Project("{FAE04EC0-301F-11D3-BF4B-00C04F79EFBC}") = "PeanutButter.TempDb.Sqlite.NugetPackage", "PeanutButter.TempDb.Sqlite.NugetPackage\PeanutButter.TempDb.Sqlite.NugetPackage.csproj", "{C163F724-12D5-4CBF-AE53-0C191D1182EE}"
	ProjectSection(ProjectDependencies) = postProject
		{344CB4A3-74F0-4559-A786-423E6888DB4B} = {344CB4A3-74F0-4559-A786-423E6888DB4B}
	EndProjectSection
EndProject
Project("{FAE04EC0-301F-11D3-BF4B-00C04F79EFBC}") = "PeanutButter.TempDb.SqlCe.NugetPackage", "PeanutButter.TempDb.SqlCe.NugetPackage\PeanutButter.TempDb.SqlCe.NugetPackage.csproj", "{9D67635C-858F-4CCC-92B5-932CCFA772FC}"
	ProjectSection(ProjectDependencies) = postProject
		{94857B1A-5627-4B0F-9C75-32D39C3FF674} = {94857B1A-5627-4B0F-9C75-32D39C3FF674}
	EndProjectSection
EndProject
Project("{FAE04EC0-301F-11D3-BF4B-00C04F79EFBC}") = "PeanutButter.TempDb.LocalDb.NugetPackage", "PeanutButter.TempDb.LocalDb.NugetPackage\PeanutButter.TempDb.LocalDb.NugetPackage.csproj", "{4945FA7B-1F7E-4928-94FE-05E4CB96F7C0}"
	ProjectSection(ProjectDependencies) = postProject
		{DA294B3F-58C7-4255-B6AA-82C2393DA49F} = {DA294B3F-58C7-4255-B6AA-82C2393DA49F}
	EndProjectSection
EndProject
Project("{FAE04EC0-301F-11D3-BF4B-00C04F79EFBC}") = "PeanutButter.SimpleTcpServer.Tests", "PeanutButter.SimpleTcpServer.Tests\PeanutButter.SimpleTcpServer.Tests.csproj", "{CECB042E-0E45-4D6A-8D29-460D65254C7D}"
EndProject
Project("{FAE04EC0-301F-11D3-BF4B-00C04F79EFBC}") = "EmailSpooler.Win32Service.DB.NugetPackage", "EmailSpooler.Win32Service.DB.NugetPackage\EmailSpooler.Win32Service.DB.NugetPackage.csproj", "{2F51855E-005F-4D7A-9418-31DE37CB3BA4}"
EndProject
Project("{FAE04EC0-301F-11D3-BF4B-00C04F79EFBC}") = "EmailSpooler.Win32Service.DB.Tests", "EmailSpooler.Win32Service.DB.Tests\EmailSpooler.Win32Service.DB.Tests.csproj", "{4FE6D51D-0CE8-4C07-80B1-F3C9BA4A9F21}"
EndProject
Project("{FAE04EC0-301F-11D3-BF4B-00C04F79EFBC}") = "PeanutButter.TestUtils.Entity", "PeanutButter.TestUtils.Entity\PeanutButter.TestUtils.Entity.csproj", "{75448DD7-4A34-464D-BE4C-7FE41657EB41}"
EndProject
Project("{FAE04EC0-301F-11D3-BF4B-00C04F79EFBC}") = "PeanutButter.Utils.Entity", "PeanutButter.Utils.Entity\PeanutButter.Utils.Entity.csproj", "{784A35AD-E6A9-46A4-945C-6D62C55503E0}"
EndProject
Project("{FAE04EC0-301F-11D3-BF4B-00C04F79EFBC}") = "PeanutButter.Utils.Entity.NugetPackage", "PeanutButter.Utils.Entity.NugetPackage\PeanutButter.Utils.Entity.NugetPackage.csproj", "{FE78C88F-4E40-4E88-9D1B-91692A4A670A}"
EndProject
Project("{FAE04EC0-301F-11D3-BF4B-00C04F79EFBC}") = "PeanutButter.Utils.Entity.Tests", "PeanutButter.Utils.Entity.Tests\PeanutButter.Utils.Entity.Tests.csproj", "{9AEB4DF3-91A4-4672-978F-57C0769A6EE3}"
EndProject
Global
	GlobalSection(SolutionConfigurationPlatforms) = preSolution
		Debug|Any CPU = Debug|Any CPU
		Debug|x86 = Debug|x86
		Release|Any CPU = Release|Any CPU
		Release|x86 = Release|x86
		Test|Any CPU = Test|Any CPU
		Test|x86 = Test|x86
	EndGlobalSection
	GlobalSection(ProjectConfigurationPlatforms) = postSolution
		{CB22D9AE-A2A8-45D0-92B9-FADC687120F0}.Debug|Any CPU.ActiveCfg = Debug|Any CPU
		{CB22D9AE-A2A8-45D0-92B9-FADC687120F0}.Debug|Any CPU.Build.0 = Debug|Any CPU
		{CB22D9AE-A2A8-45D0-92B9-FADC687120F0}.Debug|x86.ActiveCfg = Debug|Any CPU
		{CB22D9AE-A2A8-45D0-92B9-FADC687120F0}.Release|Any CPU.ActiveCfg = Release|Any CPU
		{CB22D9AE-A2A8-45D0-92B9-FADC687120F0}.Release|Any CPU.Build.0 = Release|Any CPU
		{CB22D9AE-A2A8-45D0-92B9-FADC687120F0}.Release|x86.ActiveCfg = Release|Any CPU
		{CB22D9AE-A2A8-45D0-92B9-FADC687120F0}.Test|Any CPU.ActiveCfg = Release|Any CPU
		{CB22D9AE-A2A8-45D0-92B9-FADC687120F0}.Test|Any CPU.Build.0 = Release|Any CPU
		{CB22D9AE-A2A8-45D0-92B9-FADC687120F0}.Test|x86.ActiveCfg = Release|Any CPU
		{6DDD7F9E-857A-442B-9148-05B34EA279C4}.Debug|Any CPU.ActiveCfg = Debug|Any CPU
		{6DDD7F9E-857A-442B-9148-05B34EA279C4}.Debug|Any CPU.Build.0 = Debug|Any CPU
		{6DDD7F9E-857A-442B-9148-05B34EA279C4}.Debug|x86.ActiveCfg = Debug|Any CPU
		{6DDD7F9E-857A-442B-9148-05B34EA279C4}.Release|Any CPU.ActiveCfg = Release|Any CPU
		{6DDD7F9E-857A-442B-9148-05B34EA279C4}.Release|Any CPU.Build.0 = Release|Any CPU
		{6DDD7F9E-857A-442B-9148-05B34EA279C4}.Release|x86.ActiveCfg = Release|Any CPU
		{6DDD7F9E-857A-442B-9148-05B34EA279C4}.Test|Any CPU.ActiveCfg = Release|Any CPU
		{6DDD7F9E-857A-442B-9148-05B34EA279C4}.Test|Any CPU.Build.0 = Release|Any CPU
		{6DDD7F9E-857A-442B-9148-05B34EA279C4}.Test|x86.ActiveCfg = Release|Any CPU
		{851DA54E-4FBF-4F02-9C65-52B22015415D}.Debug|Any CPU.ActiveCfg = Debug|Any CPU
		{851DA54E-4FBF-4F02-9C65-52B22015415D}.Debug|Any CPU.Build.0 = Debug|Any CPU
		{851DA54E-4FBF-4F02-9C65-52B22015415D}.Debug|x86.ActiveCfg = Debug|Any CPU
		{851DA54E-4FBF-4F02-9C65-52B22015415D}.Release|Any CPU.ActiveCfg = Release|Any CPU
		{851DA54E-4FBF-4F02-9C65-52B22015415D}.Release|Any CPU.Build.0 = Release|Any CPU
		{851DA54E-4FBF-4F02-9C65-52B22015415D}.Release|x86.ActiveCfg = Release|Any CPU
		{851DA54E-4FBF-4F02-9C65-52B22015415D}.Test|Any CPU.ActiveCfg = Release|Any CPU
		{851DA54E-4FBF-4F02-9C65-52B22015415D}.Test|Any CPU.Build.0 = Release|Any CPU
		{851DA54E-4FBF-4F02-9C65-52B22015415D}.Test|x86.ActiveCfg = Release|Any CPU
		{BB13BD1A-730D-43B0-82FE-738399D3D21A}.Debug|Any CPU.ActiveCfg = Debug|Any CPU
		{BB13BD1A-730D-43B0-82FE-738399D3D21A}.Debug|Any CPU.Build.0 = Debug|Any CPU
		{BB13BD1A-730D-43B0-82FE-738399D3D21A}.Debug|x86.ActiveCfg = Debug|Any CPU
		{BB13BD1A-730D-43B0-82FE-738399D3D21A}.Release|Any CPU.ActiveCfg = Release|Any CPU
		{BB13BD1A-730D-43B0-82FE-738399D3D21A}.Release|Any CPU.Build.0 = Release|Any CPU
		{BB13BD1A-730D-43B0-82FE-738399D3D21A}.Release|x86.ActiveCfg = Release|Any CPU
		{BB13BD1A-730D-43B0-82FE-738399D3D21A}.Test|Any CPU.ActiveCfg = Release|Any CPU
		{BB13BD1A-730D-43B0-82FE-738399D3D21A}.Test|Any CPU.Build.0 = Release|Any CPU
		{BB13BD1A-730D-43B0-82FE-738399D3D21A}.Test|x86.ActiveCfg = Release|Any CPU
		{FCA96984-2E9E-44CC-8038-BB3F171343CF}.Debug|Any CPU.ActiveCfg = Debug|Any CPU
		{FCA96984-2E9E-44CC-8038-BB3F171343CF}.Debug|Any CPU.Build.0 = Debug|Any CPU
		{FCA96984-2E9E-44CC-8038-BB3F171343CF}.Debug|x86.ActiveCfg = Debug|Any CPU
		{FCA96984-2E9E-44CC-8038-BB3F171343CF}.Release|Any CPU.ActiveCfg = Release|Any CPU
		{FCA96984-2E9E-44CC-8038-BB3F171343CF}.Release|Any CPU.Build.0 = Release|Any CPU
		{FCA96984-2E9E-44CC-8038-BB3F171343CF}.Release|x86.ActiveCfg = Release|Any CPU
		{FCA96984-2E9E-44CC-8038-BB3F171343CF}.Test|Any CPU.ActiveCfg = Release|Any CPU
		{FCA96984-2E9E-44CC-8038-BB3F171343CF}.Test|Any CPU.Build.0 = Release|Any CPU
		{FCA96984-2E9E-44CC-8038-BB3F171343CF}.Test|x86.ActiveCfg = Release|Any CPU
		{3885D69D-15A3-4DAB-AC23-D292E1AB8128}.Debug|Any CPU.ActiveCfg = Debug|Any CPU
		{3885D69D-15A3-4DAB-AC23-D292E1AB8128}.Debug|Any CPU.Build.0 = Debug|Any CPU
		{3885D69D-15A3-4DAB-AC23-D292E1AB8128}.Debug|x86.ActiveCfg = Debug|Any CPU
		{3885D69D-15A3-4DAB-AC23-D292E1AB8128}.Release|Any CPU.ActiveCfg = Release|Any CPU
		{3885D69D-15A3-4DAB-AC23-D292E1AB8128}.Release|Any CPU.Build.0 = Release|Any CPU
		{3885D69D-15A3-4DAB-AC23-D292E1AB8128}.Release|x86.ActiveCfg = Release|Any CPU
		{3885D69D-15A3-4DAB-AC23-D292E1AB8128}.Test|Any CPU.ActiveCfg = Release|Any CPU
		{3885D69D-15A3-4DAB-AC23-D292E1AB8128}.Test|Any CPU.Build.0 = Release|Any CPU
		{3885D69D-15A3-4DAB-AC23-D292E1AB8128}.Test|x86.ActiveCfg = Release|Any CPU
		{EF4F2F73-5126-4DE1-9729-AE758AAB5E0E}.Debug|Any CPU.ActiveCfg = Debug|Any CPU
		{EF4F2F73-5126-4DE1-9729-AE758AAB5E0E}.Debug|Any CPU.Build.0 = Debug|Any CPU
		{EF4F2F73-5126-4DE1-9729-AE758AAB5E0E}.Debug|x86.ActiveCfg = Debug|Any CPU
		{EF4F2F73-5126-4DE1-9729-AE758AAB5E0E}.Release|Any CPU.ActiveCfg = Release|Any CPU
		{EF4F2F73-5126-4DE1-9729-AE758AAB5E0E}.Release|Any CPU.Build.0 = Release|Any CPU
		{EF4F2F73-5126-4DE1-9729-AE758AAB5E0E}.Release|x86.ActiveCfg = Release|Any CPU
		{EF4F2F73-5126-4DE1-9729-AE758AAB5E0E}.Test|Any CPU.ActiveCfg = Release|Any CPU
		{EF4F2F73-5126-4DE1-9729-AE758AAB5E0E}.Test|Any CPU.Build.0 = Release|Any CPU
		{EF4F2F73-5126-4DE1-9729-AE758AAB5E0E}.Test|x86.ActiveCfg = Release|Any CPU
		{74B3F773-06A9-4D1D-BEE9-A152DE005006}.Debug|Any CPU.ActiveCfg = Debug|Any CPU
		{74B3F773-06A9-4D1D-BEE9-A152DE005006}.Debug|Any CPU.Build.0 = Debug|Any CPU
		{74B3F773-06A9-4D1D-BEE9-A152DE005006}.Debug|x86.ActiveCfg = Debug|Any CPU
		{74B3F773-06A9-4D1D-BEE9-A152DE005006}.Release|Any CPU.ActiveCfg = Release|Any CPU
		{74B3F773-06A9-4D1D-BEE9-A152DE005006}.Release|Any CPU.Build.0 = Release|Any CPU
		{74B3F773-06A9-4D1D-BEE9-A152DE005006}.Release|x86.ActiveCfg = Release|Any CPU
		{74B3F773-06A9-4D1D-BEE9-A152DE005006}.Test|Any CPU.ActiveCfg = Test|Any CPU
		{74B3F773-06A9-4D1D-BEE9-A152DE005006}.Test|Any CPU.Build.0 = Test|Any CPU
		{74B3F773-06A9-4D1D-BEE9-A152DE005006}.Test|x86.ActiveCfg = Test|Any CPU
		{C97C82C9-8975-4367-8B5E-386F93B6130C}.Debug|Any CPU.ActiveCfg = Debug|Any CPU
		{C97C82C9-8975-4367-8B5E-386F93B6130C}.Debug|Any CPU.Build.0 = Debug|Any CPU
		{C97C82C9-8975-4367-8B5E-386F93B6130C}.Debug|x86.ActiveCfg = Debug|Any CPU
		{C97C82C9-8975-4367-8B5E-386F93B6130C}.Release|Any CPU.ActiveCfg = Release|Any CPU
		{C97C82C9-8975-4367-8B5E-386F93B6130C}.Release|Any CPU.Build.0 = Release|Any CPU
		{C97C82C9-8975-4367-8B5E-386F93B6130C}.Release|x86.ActiveCfg = Release|Any CPU
		{C97C82C9-8975-4367-8B5E-386F93B6130C}.Test|Any CPU.ActiveCfg = Release|Any CPU
		{C97C82C9-8975-4367-8B5E-386F93B6130C}.Test|Any CPU.Build.0 = Release|Any CPU
		{C97C82C9-8975-4367-8B5E-386F93B6130C}.Test|x86.ActiveCfg = Release|Any CPU
		{3D515895-08FC-46B6-AB16-E2B9AC1AFFB3}.Debug|Any CPU.ActiveCfg = Debug|Any CPU
		{3D515895-08FC-46B6-AB16-E2B9AC1AFFB3}.Debug|Any CPU.Build.0 = Debug|Any CPU
		{3D515895-08FC-46B6-AB16-E2B9AC1AFFB3}.Debug|x86.ActiveCfg = Debug|Any CPU
		{3D515895-08FC-46B6-AB16-E2B9AC1AFFB3}.Release|Any CPU.ActiveCfg = Release|Any CPU
		{3D515895-08FC-46B6-AB16-E2B9AC1AFFB3}.Release|Any CPU.Build.0 = Release|Any CPU
		{3D515895-08FC-46B6-AB16-E2B9AC1AFFB3}.Release|x86.ActiveCfg = Release|Any CPU
		{3D515895-08FC-46B6-AB16-E2B9AC1AFFB3}.Test|Any CPU.ActiveCfg = Release|Any CPU
		{3D515895-08FC-46B6-AB16-E2B9AC1AFFB3}.Test|Any CPU.Build.0 = Release|Any CPU
		{3D515895-08FC-46B6-AB16-E2B9AC1AFFB3}.Test|x86.ActiveCfg = Release|Any CPU
		{B848B10D-7434-48B4-A190-86A125F1C7C4}.Debug|Any CPU.ActiveCfg = Debug|Any CPU
		{B848B10D-7434-48B4-A190-86A125F1C7C4}.Debug|Any CPU.Build.0 = Debug|Any CPU
		{B848B10D-7434-48B4-A190-86A125F1C7C4}.Debug|x86.ActiveCfg = Debug|Any CPU
		{B848B10D-7434-48B4-A190-86A125F1C7C4}.Release|Any CPU.ActiveCfg = Release|Any CPU
		{B848B10D-7434-48B4-A190-86A125F1C7C4}.Release|Any CPU.Build.0 = Release|Any CPU
		{B848B10D-7434-48B4-A190-86A125F1C7C4}.Release|x86.ActiveCfg = Release|Any CPU
		{B848B10D-7434-48B4-A190-86A125F1C7C4}.Test|Any CPU.ActiveCfg = Test|Any CPU
		{B848B10D-7434-48B4-A190-86A125F1C7C4}.Test|Any CPU.Build.0 = Test|Any CPU
		{B848B10D-7434-48B4-A190-86A125F1C7C4}.Test|x86.ActiveCfg = Test|Any CPU
		{EFC85343-95B4-48C3-BCBE-579EA4868C0A}.Debug|Any CPU.ActiveCfg = Debug|Any CPU
		{EFC85343-95B4-48C3-BCBE-579EA4868C0A}.Debug|Any CPU.Build.0 = Debug|Any CPU
		{EFC85343-95B4-48C3-BCBE-579EA4868C0A}.Debug|x86.ActiveCfg = Debug|Any CPU
		{EFC85343-95B4-48C3-BCBE-579EA4868C0A}.Release|Any CPU.ActiveCfg = Release|Any CPU
		{EFC85343-95B4-48C3-BCBE-579EA4868C0A}.Release|Any CPU.Build.0 = Release|Any CPU
		{EFC85343-95B4-48C3-BCBE-579EA4868C0A}.Release|x86.ActiveCfg = Release|Any CPU
		{EFC85343-95B4-48C3-BCBE-579EA4868C0A}.Test|Any CPU.ActiveCfg = Release|Any CPU
		{EFC85343-95B4-48C3-BCBE-579EA4868C0A}.Test|Any CPU.Build.0 = Release|Any CPU
		{EFC85343-95B4-48C3-BCBE-579EA4868C0A}.Test|x86.ActiveCfg = Release|Any CPU
		{A7B7276C-B224-4289-8930-A821A4B03C90}.Debug|Any CPU.ActiveCfg = Debug|Any CPU
		{A7B7276C-B224-4289-8930-A821A4B03C90}.Debug|Any CPU.Build.0 = Debug|Any CPU
		{A7B7276C-B224-4289-8930-A821A4B03C90}.Debug|x86.ActiveCfg = Debug|Any CPU
		{A7B7276C-B224-4289-8930-A821A4B03C90}.Release|Any CPU.ActiveCfg = Release|Any CPU
		{A7B7276C-B224-4289-8930-A821A4B03C90}.Release|Any CPU.Build.0 = Release|Any CPU
		{A7B7276C-B224-4289-8930-A821A4B03C90}.Release|x86.ActiveCfg = Release|Any CPU
		{A7B7276C-B224-4289-8930-A821A4B03C90}.Test|Any CPU.ActiveCfg = Release|Any CPU
		{A7B7276C-B224-4289-8930-A821A4B03C90}.Test|Any CPU.Build.0 = Release|Any CPU
		{A7B7276C-B224-4289-8930-A821A4B03C90}.Test|x86.ActiveCfg = Release|Any CPU
		{02DF2FD5-59E2-4EC8-80D1-E745D7D834C5}.Debug|Any CPU.ActiveCfg = Debug|Any CPU
		{02DF2FD5-59E2-4EC8-80D1-E745D7D834C5}.Debug|Any CPU.Build.0 = Debug|Any CPU
		{02DF2FD5-59E2-4EC8-80D1-E745D7D834C5}.Debug|x86.ActiveCfg = Debug|Any CPU
		{02DF2FD5-59E2-4EC8-80D1-E745D7D834C5}.Release|Any CPU.ActiveCfg = Release|Any CPU
		{02DF2FD5-59E2-4EC8-80D1-E745D7D834C5}.Release|Any CPU.Build.0 = Release|Any CPU
		{02DF2FD5-59E2-4EC8-80D1-E745D7D834C5}.Release|x86.ActiveCfg = Release|Any CPU
		{02DF2FD5-59E2-4EC8-80D1-E745D7D834C5}.Test|Any CPU.ActiveCfg = Release|Any CPU
		{02DF2FD5-59E2-4EC8-80D1-E745D7D834C5}.Test|Any CPU.Build.0 = Release|Any CPU
		{02DF2FD5-59E2-4EC8-80D1-E745D7D834C5}.Test|x86.ActiveCfg = Release|Any CPU
		{06CFA7FB-6B07-45DF-896F-ECCEB6633E0B}.Debug|Any CPU.ActiveCfg = Debug|Any CPU
		{06CFA7FB-6B07-45DF-896F-ECCEB6633E0B}.Debug|Any CPU.Build.0 = Debug|Any CPU
		{06CFA7FB-6B07-45DF-896F-ECCEB6633E0B}.Debug|x86.ActiveCfg = Debug|Any CPU
		{06CFA7FB-6B07-45DF-896F-ECCEB6633E0B}.Release|Any CPU.ActiveCfg = Release|Any CPU
		{06CFA7FB-6B07-45DF-896F-ECCEB6633E0B}.Release|Any CPU.Build.0 = Release|Any CPU
		{06CFA7FB-6B07-45DF-896F-ECCEB6633E0B}.Release|x86.ActiveCfg = Release|Any CPU
		{06CFA7FB-6B07-45DF-896F-ECCEB6633E0B}.Test|Any CPU.ActiveCfg = Release|Any CPU
		{06CFA7FB-6B07-45DF-896F-ECCEB6633E0B}.Test|Any CPU.Build.0 = Release|Any CPU
		{06CFA7FB-6B07-45DF-896F-ECCEB6633E0B}.Test|x86.ActiveCfg = Release|Any CPU
		{3D2EEE6D-E118-41FA-BB34-A0B56C993775}.Debug|Any CPU.ActiveCfg = Debug|Any CPU
		{3D2EEE6D-E118-41FA-BB34-A0B56C993775}.Debug|Any CPU.Build.0 = Debug|Any CPU
		{3D2EEE6D-E118-41FA-BB34-A0B56C993775}.Debug|x86.ActiveCfg = Debug|Any CPU
		{3D2EEE6D-E118-41FA-BB34-A0B56C993775}.Release|Any CPU.ActiveCfg = Release|Any CPU
		{3D2EEE6D-E118-41FA-BB34-A0B56C993775}.Release|Any CPU.Build.0 = Release|Any CPU
		{3D2EEE6D-E118-41FA-BB34-A0B56C993775}.Release|x86.ActiveCfg = Release|Any CPU
		{3D2EEE6D-E118-41FA-BB34-A0B56C993775}.Test|Any CPU.ActiveCfg = Release|Any CPU
		{3D2EEE6D-E118-41FA-BB34-A0B56C993775}.Test|Any CPU.Build.0 = Release|Any CPU
		{3D2EEE6D-E118-41FA-BB34-A0B56C993775}.Test|x86.ActiveCfg = Release|Any CPU
		{0451BAEF-DF2E-4B98-8644-94EE9415E389}.Debug|Any CPU.ActiveCfg = Debug|Any CPU
		{0451BAEF-DF2E-4B98-8644-94EE9415E389}.Debug|x86.ActiveCfg = Debug|Any CPU
		{0451BAEF-DF2E-4B98-8644-94EE9415E389}.Release|Any CPU.ActiveCfg = Release|Any CPU
		{0451BAEF-DF2E-4B98-8644-94EE9415E389}.Release|Any CPU.Build.0 = Release|Any CPU
		{0451BAEF-DF2E-4B98-8644-94EE9415E389}.Release|x86.ActiveCfg = Release|Any CPU
		{0451BAEF-DF2E-4B98-8644-94EE9415E389}.Test|Any CPU.ActiveCfg = Release|Any CPU
		{0451BAEF-DF2E-4B98-8644-94EE9415E389}.Test|Any CPU.Build.0 = Release|Any CPU
		{0451BAEF-DF2E-4B98-8644-94EE9415E389}.Test|x86.ActiveCfg = Release|Any CPU
		{90A441DE-E1AA-4FE1-934E-DAD19DC5872D}.Debug|Any CPU.ActiveCfg = Debug|Any CPU
		{90A441DE-E1AA-4FE1-934E-DAD19DC5872D}.Debug|x86.ActiveCfg = Debug|Any CPU
		{90A441DE-E1AA-4FE1-934E-DAD19DC5872D}.Release|Any CPU.ActiveCfg = Release|Any CPU
		{90A441DE-E1AA-4FE1-934E-DAD19DC5872D}.Release|Any CPU.Build.0 = Release|Any CPU
		{90A441DE-E1AA-4FE1-934E-DAD19DC5872D}.Release|x86.ActiveCfg = Release|Any CPU
		{90A441DE-E1AA-4FE1-934E-DAD19DC5872D}.Test|Any CPU.ActiveCfg = Release|Any CPU
		{90A441DE-E1AA-4FE1-934E-DAD19DC5872D}.Test|Any CPU.Build.0 = Release|Any CPU
		{90A441DE-E1AA-4FE1-934E-DAD19DC5872D}.Test|x86.ActiveCfg = Release|Any CPU
		{54C192CB-A0F1-48F9-8D21-E5C805B328B2}.Debug|Any CPU.ActiveCfg = Debug|Any CPU
		{54C192CB-A0F1-48F9-8D21-E5C805B328B2}.Debug|x86.ActiveCfg = Debug|Any CPU
		{54C192CB-A0F1-48F9-8D21-E5C805B328B2}.Release|Any CPU.ActiveCfg = Release|Any CPU
		{54C192CB-A0F1-48F9-8D21-E5C805B328B2}.Release|Any CPU.Build.0 = Release|Any CPU
		{54C192CB-A0F1-48F9-8D21-E5C805B328B2}.Release|x86.ActiveCfg = Release|Any CPU
		{54C192CB-A0F1-48F9-8D21-E5C805B328B2}.Test|Any CPU.ActiveCfg = Release|Any CPU
		{54C192CB-A0F1-48F9-8D21-E5C805B328B2}.Test|Any CPU.Build.0 = Release|Any CPU
		{54C192CB-A0F1-48F9-8D21-E5C805B328B2}.Test|x86.ActiveCfg = Release|Any CPU
		{7E1F4E7A-60A5-45C0-AB9E-8742212D36C8}.Debug|Any CPU.ActiveCfg = Debug|Any CPU
		{7E1F4E7A-60A5-45C0-AB9E-8742212D36C8}.Debug|x86.ActiveCfg = Debug|Any CPU
		{7E1F4E7A-60A5-45C0-AB9E-8742212D36C8}.Release|Any CPU.ActiveCfg = Release|Any CPU
		{7E1F4E7A-60A5-45C0-AB9E-8742212D36C8}.Release|Any CPU.Build.0 = Release|Any CPU
		{7E1F4E7A-60A5-45C0-AB9E-8742212D36C8}.Release|x86.ActiveCfg = Release|Any CPU
		{7E1F4E7A-60A5-45C0-AB9E-8742212D36C8}.Test|Any CPU.ActiveCfg = Release|Any CPU
		{7E1F4E7A-60A5-45C0-AB9E-8742212D36C8}.Test|Any CPU.Build.0 = Release|Any CPU
		{7E1F4E7A-60A5-45C0-AB9E-8742212D36C8}.Test|x86.ActiveCfg = Release|Any CPU
		{1349BF60-FED9-4288-AE22-50DEDC2F6AC7}.Debug|Any CPU.ActiveCfg = Debug|Any CPU
		{1349BF60-FED9-4288-AE22-50DEDC2F6AC7}.Debug|x86.ActiveCfg = Debug|Any CPU
		{1349BF60-FED9-4288-AE22-50DEDC2F6AC7}.Release|Any CPU.ActiveCfg = Release|Any CPU
		{1349BF60-FED9-4288-AE22-50DEDC2F6AC7}.Release|Any CPU.Build.0 = Release|Any CPU
		{1349BF60-FED9-4288-AE22-50DEDC2F6AC7}.Release|x86.ActiveCfg = Release|Any CPU
		{1349BF60-FED9-4288-AE22-50DEDC2F6AC7}.Test|Any CPU.ActiveCfg = Release|Any CPU
		{1349BF60-FED9-4288-AE22-50DEDC2F6AC7}.Test|Any CPU.Build.0 = Release|Any CPU
		{1349BF60-FED9-4288-AE22-50DEDC2F6AC7}.Test|x86.ActiveCfg = Release|Any CPU
		{5D323453-10D1-48C0-B1B7-8B2DA0B9843F}.Debug|Any CPU.ActiveCfg = Debug|Any CPU
		{5D323453-10D1-48C0-B1B7-8B2DA0B9843F}.Debug|x86.ActiveCfg = Debug|Any CPU
		{5D323453-10D1-48C0-B1B7-8B2DA0B9843F}.Release|Any CPU.ActiveCfg = Release|Any CPU
		{5D323453-10D1-48C0-B1B7-8B2DA0B9843F}.Release|Any CPU.Build.0 = Release|Any CPU
		{5D323453-10D1-48C0-B1B7-8B2DA0B9843F}.Release|x86.ActiveCfg = Release|Any CPU
		{5D323453-10D1-48C0-B1B7-8B2DA0B9843F}.Test|Any CPU.ActiveCfg = Release|Any CPU
		{5D323453-10D1-48C0-B1B7-8B2DA0B9843F}.Test|Any CPU.Build.0 = Release|Any CPU
		{5D323453-10D1-48C0-B1B7-8B2DA0B9843F}.Test|x86.ActiveCfg = Release|Any CPU
		{07D02ABA-ED94-47AD-83C0-F88CBEFDDCF0}.Debug|Any CPU.ActiveCfg = Debug|Any CPU
		{07D02ABA-ED94-47AD-83C0-F88CBEFDDCF0}.Debug|Any CPU.Build.0 = Debug|Any CPU
		{07D02ABA-ED94-47AD-83C0-F88CBEFDDCF0}.Debug|x86.ActiveCfg = Debug|x86
		{07D02ABA-ED94-47AD-83C0-F88CBEFDDCF0}.Debug|x86.Build.0 = Debug|x86
		{07D02ABA-ED94-47AD-83C0-F88CBEFDDCF0}.Release|Any CPU.ActiveCfg = Release|Any CPU
		{07D02ABA-ED94-47AD-83C0-F88CBEFDDCF0}.Release|Any CPU.Build.0 = Release|Any CPU
		{07D02ABA-ED94-47AD-83C0-F88CBEFDDCF0}.Release|x86.ActiveCfg = Release|x86
		{07D02ABA-ED94-47AD-83C0-F88CBEFDDCF0}.Release|x86.Build.0 = Release|x86
		{07D02ABA-ED94-47AD-83C0-F88CBEFDDCF0}.Test|Any CPU.ActiveCfg = Release|Any CPU
		{07D02ABA-ED94-47AD-83C0-F88CBEFDDCF0}.Test|Any CPU.Build.0 = Release|Any CPU
		{07D02ABA-ED94-47AD-83C0-F88CBEFDDCF0}.Test|x86.ActiveCfg = Release|x86
		{07D02ABA-ED94-47AD-83C0-F88CBEFDDCF0}.Test|x86.Build.0 = Release|x86
		{ACB8C2F5-3C3D-4116-8A9C-5E7D8D7B0B83}.Debug|Any CPU.ActiveCfg = Debug|Any CPU
		{ACB8C2F5-3C3D-4116-8A9C-5E7D8D7B0B83}.Debug|Any CPU.Build.0 = Debug|Any CPU
		{ACB8C2F5-3C3D-4116-8A9C-5E7D8D7B0B83}.Debug|x86.ActiveCfg = Debug|x86
		{ACB8C2F5-3C3D-4116-8A9C-5E7D8D7B0B83}.Debug|x86.Build.0 = Debug|x86
		{ACB8C2F5-3C3D-4116-8A9C-5E7D8D7B0B83}.Release|Any CPU.ActiveCfg = Release|Any CPU
		{ACB8C2F5-3C3D-4116-8A9C-5E7D8D7B0B83}.Release|Any CPU.Build.0 = Release|Any CPU
		{ACB8C2F5-3C3D-4116-8A9C-5E7D8D7B0B83}.Release|x86.ActiveCfg = Release|x86
		{ACB8C2F5-3C3D-4116-8A9C-5E7D8D7B0B83}.Release|x86.Build.0 = Release|x86
		{ACB8C2F5-3C3D-4116-8A9C-5E7D8D7B0B83}.Test|Any CPU.ActiveCfg = Release|Any CPU
		{ACB8C2F5-3C3D-4116-8A9C-5E7D8D7B0B83}.Test|Any CPU.Build.0 = Release|Any CPU
		{ACB8C2F5-3C3D-4116-8A9C-5E7D8D7B0B83}.Test|x86.ActiveCfg = Release|x86
		{ACB8C2F5-3C3D-4116-8A9C-5E7D8D7B0B83}.Test|x86.Build.0 = Release|x86
		{D67739CD-944E-4E88-B313-0E091CEA185B}.Debug|Any CPU.ActiveCfg = Debug|Any CPU
		{D67739CD-944E-4E88-B313-0E091CEA185B}.Debug|Any CPU.Build.0 = Debug|Any CPU
		{D67739CD-944E-4E88-B313-0E091CEA185B}.Debug|x86.ActiveCfg = Debug|Any CPU
		{D67739CD-944E-4E88-B313-0E091CEA185B}.Release|Any CPU.ActiveCfg = Release|Any CPU
		{D67739CD-944E-4E88-B313-0E091CEA185B}.Release|Any CPU.Build.0 = Release|Any CPU
		{D67739CD-944E-4E88-B313-0E091CEA185B}.Release|x86.ActiveCfg = Release|Any CPU
		{D67739CD-944E-4E88-B313-0E091CEA185B}.Test|Any CPU.ActiveCfg = Release|Any CPU
		{D67739CD-944E-4E88-B313-0E091CEA185B}.Test|Any CPU.Build.0 = Release|Any CPU
		{D67739CD-944E-4E88-B313-0E091CEA185B}.Test|x86.ActiveCfg = Release|Any CPU
		{117D2204-3AF6-4A14-BAA1-50FB9B77C6F0}.Debug|Any CPU.ActiveCfg = Debug|Any CPU
		{117D2204-3AF6-4A14-BAA1-50FB9B77C6F0}.Debug|Any CPU.Build.0 = Debug|Any CPU
		{117D2204-3AF6-4A14-BAA1-50FB9B77C6F0}.Debug|x86.ActiveCfg = Debug|Any CPU
		{117D2204-3AF6-4A14-BAA1-50FB9B77C6F0}.Release|Any CPU.ActiveCfg = Release|Any CPU
		{117D2204-3AF6-4A14-BAA1-50FB9B77C6F0}.Release|Any CPU.Build.0 = Release|Any CPU
		{117D2204-3AF6-4A14-BAA1-50FB9B77C6F0}.Release|x86.ActiveCfg = Release|Any CPU
		{117D2204-3AF6-4A14-BAA1-50FB9B77C6F0}.Test|Any CPU.ActiveCfg = Release|Any CPU
		{117D2204-3AF6-4A14-BAA1-50FB9B77C6F0}.Test|Any CPU.Build.0 = Release|Any CPU
		{117D2204-3AF6-4A14-BAA1-50FB9B77C6F0}.Test|x86.ActiveCfg = Release|Any CPU
		{2109C6DD-2FC7-42B1-8D9C-351DEA69DE76}.Debug|Any CPU.ActiveCfg = Debug|Any CPU
		{2109C6DD-2FC7-42B1-8D9C-351DEA69DE76}.Debug|x86.ActiveCfg = Debug|Any CPU
		{2109C6DD-2FC7-42B1-8D9C-351DEA69DE76}.Release|Any CPU.ActiveCfg = Release|Any CPU
		{2109C6DD-2FC7-42B1-8D9C-351DEA69DE76}.Release|Any CPU.Build.0 = Release|Any CPU
		{2109C6DD-2FC7-42B1-8D9C-351DEA69DE76}.Release|x86.ActiveCfg = Release|Any CPU
		{2109C6DD-2FC7-42B1-8D9C-351DEA69DE76}.Test|Any CPU.ActiveCfg = Release|Any CPU
		{2109C6DD-2FC7-42B1-8D9C-351DEA69DE76}.Test|Any CPU.Build.0 = Release|Any CPU
		{2109C6DD-2FC7-42B1-8D9C-351DEA69DE76}.Test|x86.ActiveCfg = Release|Any CPU
		{8135DBBC-E388-4CEC-BDCC-B9C3DA7E28B7}.Debug|Any CPU.ActiveCfg = Debug|Any CPU
		{8135DBBC-E388-4CEC-BDCC-B9C3DA7E28B7}.Debug|x86.ActiveCfg = Debug|Any CPU
		{8135DBBC-E388-4CEC-BDCC-B9C3DA7E28B7}.Release|Any CPU.ActiveCfg = Release|Any CPU
		{8135DBBC-E388-4CEC-BDCC-B9C3DA7E28B7}.Release|Any CPU.Build.0 = Release|Any CPU
		{8135DBBC-E388-4CEC-BDCC-B9C3DA7E28B7}.Release|x86.ActiveCfg = Release|Any CPU
		{8135DBBC-E388-4CEC-BDCC-B9C3DA7E28B7}.Test|Any CPU.ActiveCfg = Release|Any CPU
		{8135DBBC-E388-4CEC-BDCC-B9C3DA7E28B7}.Test|Any CPU.Build.0 = Release|Any CPU
		{8135DBBC-E388-4CEC-BDCC-B9C3DA7E28B7}.Test|x86.ActiveCfg = Release|Any CPU
		{77DC46EB-600B-4761-A601-AEAC09D62594}.Debug|Any CPU.ActiveCfg = Debug|Any CPU
		{77DC46EB-600B-4761-A601-AEAC09D62594}.Debug|x86.ActiveCfg = Debug|Any CPU
		{77DC46EB-600B-4761-A601-AEAC09D62594}.Release|Any CPU.ActiveCfg = Release|Any CPU
		{77DC46EB-600B-4761-A601-AEAC09D62594}.Release|Any CPU.Build.0 = Release|Any CPU
		{77DC46EB-600B-4761-A601-AEAC09D62594}.Release|x86.ActiveCfg = Release|Any CPU
		{77DC46EB-600B-4761-A601-AEAC09D62594}.Test|Any CPU.ActiveCfg = Release|Any CPU
		{77DC46EB-600B-4761-A601-AEAC09D62594}.Test|Any CPU.Build.0 = Release|Any CPU
		{77DC46EB-600B-4761-A601-AEAC09D62594}.Test|x86.ActiveCfg = Release|Any CPU
		{B2384F64-BFCE-4FEF-8CD4-483137D56E5A}.Debug|Any CPU.ActiveCfg = Debug|Any CPU
		{B2384F64-BFCE-4FEF-8CD4-483137D56E5A}.Debug|Any CPU.Build.0 = Debug|Any CPU
		{B2384F64-BFCE-4FEF-8CD4-483137D56E5A}.Debug|x86.ActiveCfg = Debug|Any CPU
		{B2384F64-BFCE-4FEF-8CD4-483137D56E5A}.Release|Any CPU.ActiveCfg = Release|Any CPU
		{B2384F64-BFCE-4FEF-8CD4-483137D56E5A}.Release|Any CPU.Build.0 = Release|Any CPU
		{B2384F64-BFCE-4FEF-8CD4-483137D56E5A}.Release|x86.ActiveCfg = Release|Any CPU
		{B2384F64-BFCE-4FEF-8CD4-483137D56E5A}.Test|Any CPU.ActiveCfg = Release|Any CPU
		{B2384F64-BFCE-4FEF-8CD4-483137D56E5A}.Test|Any CPU.Build.0 = Release|Any CPU
		{B2384F64-BFCE-4FEF-8CD4-483137D56E5A}.Test|x86.ActiveCfg = Release|Any CPU
		{17CDFD2E-E3E0-4DDD-AD71-9AA8434705E7}.Debug|Any CPU.ActiveCfg = Debug|Any CPU
		{17CDFD2E-E3E0-4DDD-AD71-9AA8434705E7}.Debug|Any CPU.Build.0 = Debug|Any CPU
		{17CDFD2E-E3E0-4DDD-AD71-9AA8434705E7}.Debug|x86.ActiveCfg = Debug|Any CPU
		{17CDFD2E-E3E0-4DDD-AD71-9AA8434705E7}.Release|Any CPU.ActiveCfg = Release|Any CPU
		{17CDFD2E-E3E0-4DDD-AD71-9AA8434705E7}.Release|Any CPU.Build.0 = Release|Any CPU
		{17CDFD2E-E3E0-4DDD-AD71-9AA8434705E7}.Release|x86.ActiveCfg = Release|Any CPU
		{17CDFD2E-E3E0-4DDD-AD71-9AA8434705E7}.Test|Any CPU.ActiveCfg = Release|Any CPU
		{17CDFD2E-E3E0-4DDD-AD71-9AA8434705E7}.Test|Any CPU.Build.0 = Release|Any CPU
		{17CDFD2E-E3E0-4DDD-AD71-9AA8434705E7}.Test|x86.ActiveCfg = Release|Any CPU
		{394C0B79-0B29-426C-B990-474DA0303FB9}.Debug|Any CPU.ActiveCfg = Debug|Any CPU
		{394C0B79-0B29-426C-B990-474DA0303FB9}.Debug|Any CPU.Build.0 = Debug|Any CPU
		{394C0B79-0B29-426C-B990-474DA0303FB9}.Debug|x86.ActiveCfg = Debug|Any CPU
		{394C0B79-0B29-426C-B990-474DA0303FB9}.Release|Any CPU.ActiveCfg = Release|Any CPU
		{394C0B79-0B29-426C-B990-474DA0303FB9}.Release|Any CPU.Build.0 = Release|Any CPU
		{394C0B79-0B29-426C-B990-474DA0303FB9}.Release|x86.ActiveCfg = Release|Any CPU
		{394C0B79-0B29-426C-B990-474DA0303FB9}.Test|Any CPU.ActiveCfg = Release|Any CPU
		{394C0B79-0B29-426C-B990-474DA0303FB9}.Test|Any CPU.Build.0 = Release|Any CPU
		{394C0B79-0B29-426C-B990-474DA0303FB9}.Test|x86.ActiveCfg = Release|Any CPU
		{64644CCE-0CC9-4CE5-BF0E-E45E425F6339}.Debug|Any CPU.ActiveCfg = Debug|Any CPU
		{64644CCE-0CC9-4CE5-BF0E-E45E425F6339}.Debug|Any CPU.Build.0 = Debug|Any CPU
		{64644CCE-0CC9-4CE5-BF0E-E45E425F6339}.Debug|x86.ActiveCfg = Debug|Any CPU
		{64644CCE-0CC9-4CE5-BF0E-E45E425F6339}.Release|Any CPU.ActiveCfg = Release|Any CPU
		{64644CCE-0CC9-4CE5-BF0E-E45E425F6339}.Release|Any CPU.Build.0 = Release|Any CPU
		{64644CCE-0CC9-4CE5-BF0E-E45E425F6339}.Release|x86.ActiveCfg = Release|Any CPU
		{64644CCE-0CC9-4CE5-BF0E-E45E425F6339}.Test|Any CPU.ActiveCfg = Release|Any CPU
		{64644CCE-0CC9-4CE5-BF0E-E45E425F6339}.Test|Any CPU.Build.0 = Release|Any CPU
		{64644CCE-0CC9-4CE5-BF0E-E45E425F6339}.Test|x86.ActiveCfg = Release|Any CPU
		{E7E4E4BE-2C42-445F-8251-F2842557115E}.Debug|Any CPU.ActiveCfg = Debug|Any CPU
		{E7E4E4BE-2C42-445F-8251-F2842557115E}.Debug|Any CPU.Build.0 = Debug|Any CPU
		{E7E4E4BE-2C42-445F-8251-F2842557115E}.Debug|x86.ActiveCfg = Debug|Any CPU
		{E7E4E4BE-2C42-445F-8251-F2842557115E}.Release|Any CPU.ActiveCfg = Release|Any CPU
		{E7E4E4BE-2C42-445F-8251-F2842557115E}.Release|Any CPU.Build.0 = Release|Any CPU
		{E7E4E4BE-2C42-445F-8251-F2842557115E}.Release|x86.ActiveCfg = Release|Any CPU
		{E7E4E4BE-2C42-445F-8251-F2842557115E}.Test|Any CPU.ActiveCfg = Release|Any CPU
		{E7E4E4BE-2C42-445F-8251-F2842557115E}.Test|Any CPU.Build.0 = Release|Any CPU
		{E7E4E4BE-2C42-445F-8251-F2842557115E}.Test|x86.ActiveCfg = Release|Any CPU
		{C1407577-654E-4862-A15B-B8D1BA630363}.Debug|Any CPU.ActiveCfg = Debug|Any CPU
		{C1407577-654E-4862-A15B-B8D1BA630363}.Debug|x86.ActiveCfg = Debug|Any CPU
		{C1407577-654E-4862-A15B-B8D1BA630363}.Release|Any CPU.ActiveCfg = Release|Any CPU
		{C1407577-654E-4862-A15B-B8D1BA630363}.Release|Any CPU.Build.0 = Release|Any CPU
		{C1407577-654E-4862-A15B-B8D1BA630363}.Release|x86.ActiveCfg = Release|Any CPU
		{C1407577-654E-4862-A15B-B8D1BA630363}.Test|Any CPU.ActiveCfg = Release|Any CPU
		{C1407577-654E-4862-A15B-B8D1BA630363}.Test|Any CPU.Build.0 = Release|Any CPU
		{C1407577-654E-4862-A15B-B8D1BA630363}.Test|x86.ActiveCfg = Release|Any CPU
		{546F9C7A-0E73-4042-9CCC-F1292154B1BE}.Debug|Any CPU.ActiveCfg = Debug|Any CPU
		{546F9C7A-0E73-4042-9CCC-F1292154B1BE}.Debug|x86.ActiveCfg = Debug|Any CPU
		{546F9C7A-0E73-4042-9CCC-F1292154B1BE}.Release|Any CPU.ActiveCfg = Release|Any CPU
		{546F9C7A-0E73-4042-9CCC-F1292154B1BE}.Release|Any CPU.Build.0 = Release|Any CPU
		{546F9C7A-0E73-4042-9CCC-F1292154B1BE}.Release|x86.ActiveCfg = Release|Any CPU
		{546F9C7A-0E73-4042-9CCC-F1292154B1BE}.Test|Any CPU.ActiveCfg = Release|Any CPU
		{546F9C7A-0E73-4042-9CCC-F1292154B1BE}.Test|Any CPU.Build.0 = Release|Any CPU
		{546F9C7A-0E73-4042-9CCC-F1292154B1BE}.Test|x86.ActiveCfg = Release|Any CPU
		{A624CEE2-8727-41B8-A6E1-9D819F745ADD}.Debug|Any CPU.ActiveCfg = Debug|Any CPU
		{A624CEE2-8727-41B8-A6E1-9D819F745ADD}.Debug|Any CPU.Build.0 = Debug|Any CPU
		{A624CEE2-8727-41B8-A6E1-9D819F745ADD}.Debug|x86.ActiveCfg = Debug|Any CPU
		{A624CEE2-8727-41B8-A6E1-9D819F745ADD}.Release|Any CPU.ActiveCfg = Release|Any CPU
		{A624CEE2-8727-41B8-A6E1-9D819F745ADD}.Release|Any CPU.Build.0 = Release|Any CPU
		{A624CEE2-8727-41B8-A6E1-9D819F745ADD}.Release|x86.ActiveCfg = Release|Any CPU
		{A624CEE2-8727-41B8-A6E1-9D819F745ADD}.Test|Any CPU.ActiveCfg = Release|Any CPU
		{A624CEE2-8727-41B8-A6E1-9D819F745ADD}.Test|Any CPU.Build.0 = Release|Any CPU
		{A624CEE2-8727-41B8-A6E1-9D819F745ADD}.Test|x86.ActiveCfg = Release|Any CPU
		{717BEDB7-A70F-4BE3-8364-EBEAE9C3D64F}.Debug|Any CPU.ActiveCfg = Debug|Any CPU
		{717BEDB7-A70F-4BE3-8364-EBEAE9C3D64F}.Debug|Any CPU.Build.0 = Debug|Any CPU
		{717BEDB7-A70F-4BE3-8364-EBEAE9C3D64F}.Debug|x86.ActiveCfg = Debug|Any CPU
		{717BEDB7-A70F-4BE3-8364-EBEAE9C3D64F}.Release|Any CPU.ActiveCfg = Release|Any CPU
		{717BEDB7-A70F-4BE3-8364-EBEAE9C3D64F}.Release|Any CPU.Build.0 = Release|Any CPU
		{717BEDB7-A70F-4BE3-8364-EBEAE9C3D64F}.Release|x86.ActiveCfg = Release|Any CPU
		{717BEDB7-A70F-4BE3-8364-EBEAE9C3D64F}.Test|Any CPU.ActiveCfg = Release|Any CPU
		{717BEDB7-A70F-4BE3-8364-EBEAE9C3D64F}.Test|Any CPU.Build.0 = Release|Any CPU
		{717BEDB7-A70F-4BE3-8364-EBEAE9C3D64F}.Test|x86.ActiveCfg = Release|Any CPU
		{6D6B8665-19BF-49B0-867F-3D4383613122}.Debug|Any CPU.ActiveCfg = Debug|Any CPU
		{6D6B8665-19BF-49B0-867F-3D4383613122}.Debug|x86.ActiveCfg = Debug|Any CPU
		{6D6B8665-19BF-49B0-867F-3D4383613122}.Release|Any CPU.ActiveCfg = Release|Any CPU
		{6D6B8665-19BF-49B0-867F-3D4383613122}.Release|Any CPU.Build.0 = Release|Any CPU
		{6D6B8665-19BF-49B0-867F-3D4383613122}.Release|x86.ActiveCfg = Release|Any CPU
		{6D6B8665-19BF-49B0-867F-3D4383613122}.Test|Any CPU.ActiveCfg = Release|Any CPU
		{6D6B8665-19BF-49B0-867F-3D4383613122}.Test|Any CPU.Build.0 = Release|Any CPU
		{6D6B8665-19BF-49B0-867F-3D4383613122}.Test|x86.ActiveCfg = Release|Any CPU
		{A53A9B36-1307-4DC2-8BCF-DFA3087C62E8}.Debug|Any CPU.ActiveCfg = Debug|Any CPU
		{A53A9B36-1307-4DC2-8BCF-DFA3087C62E8}.Debug|Any CPU.Build.0 = Debug|Any CPU
		{A53A9B36-1307-4DC2-8BCF-DFA3087C62E8}.Debug|x86.ActiveCfg = Debug|Any CPU
		{A53A9B36-1307-4DC2-8BCF-DFA3087C62E8}.Release|Any CPU.ActiveCfg = Release|Any CPU
		{A53A9B36-1307-4DC2-8BCF-DFA3087C62E8}.Release|Any CPU.Build.0 = Release|Any CPU
		{A53A9B36-1307-4DC2-8BCF-DFA3087C62E8}.Release|x86.ActiveCfg = Release|Any CPU
		{A53A9B36-1307-4DC2-8BCF-DFA3087C62E8}.Test|Any CPU.ActiveCfg = Release|Any CPU
		{A53A9B36-1307-4DC2-8BCF-DFA3087C62E8}.Test|Any CPU.Build.0 = Release|Any CPU
		{A53A9B36-1307-4DC2-8BCF-DFA3087C62E8}.Test|x86.ActiveCfg = Release|Any CPU
		{6EB5D481-A1F0-4CBD-99EC-F9AFB8F0119C}.Debug|Any CPU.ActiveCfg = Debug|Any CPU
		{6EB5D481-A1F0-4CBD-99EC-F9AFB8F0119C}.Debug|Any CPU.Build.0 = Debug|Any CPU
		{6EB5D481-A1F0-4CBD-99EC-F9AFB8F0119C}.Debug|x86.ActiveCfg = Debug|Any CPU
		{6EB5D481-A1F0-4CBD-99EC-F9AFB8F0119C}.Release|Any CPU.ActiveCfg = Release|Any CPU
		{6EB5D481-A1F0-4CBD-99EC-F9AFB8F0119C}.Release|Any CPU.Build.0 = Release|Any CPU
		{6EB5D481-A1F0-4CBD-99EC-F9AFB8F0119C}.Release|x86.ActiveCfg = Release|Any CPU
		{6EB5D481-A1F0-4CBD-99EC-F9AFB8F0119C}.Test|Any CPU.ActiveCfg = Release|Any CPU
		{6EB5D481-A1F0-4CBD-99EC-F9AFB8F0119C}.Test|Any CPU.Build.0 = Release|Any CPU
		{6EB5D481-A1F0-4CBD-99EC-F9AFB8F0119C}.Test|x86.ActiveCfg = Release|Any CPU
		{BB91FE3E-0074-4DC4-B376-32194BBF568E}.Debug|Any CPU.ActiveCfg = Debug|Any CPU
		{BB91FE3E-0074-4DC4-B376-32194BBF568E}.Debug|Any CPU.Build.0 = Debug|Any CPU
		{BB91FE3E-0074-4DC4-B376-32194BBF568E}.Debug|x86.ActiveCfg = Debug|Any CPU
		{BB91FE3E-0074-4DC4-B376-32194BBF568E}.Release|Any CPU.ActiveCfg = Release|Any CPU
		{BB91FE3E-0074-4DC4-B376-32194BBF568E}.Release|Any CPU.Build.0 = Release|Any CPU
		{BB91FE3E-0074-4DC4-B376-32194BBF568E}.Release|x86.ActiveCfg = Release|Any CPU
		{BB91FE3E-0074-4DC4-B376-32194BBF568E}.Test|Any CPU.ActiveCfg = Release|Any CPU
		{BB91FE3E-0074-4DC4-B376-32194BBF568E}.Test|Any CPU.Build.0 = Release|Any CPU
		{BB91FE3E-0074-4DC4-B376-32194BBF568E}.Test|x86.ActiveCfg = Release|Any CPU
		{4E12F322-096E-4E42-BA86-4BDBC8492115}.Debug|Any CPU.ActiveCfg = Debug|Any CPU
		{4E12F322-096E-4E42-BA86-4BDBC8492115}.Debug|Any CPU.Build.0 = Debug|Any CPU
		{4E12F322-096E-4E42-BA86-4BDBC8492115}.Debug|x86.ActiveCfg = Debug|Any CPU
		{4E12F322-096E-4E42-BA86-4BDBC8492115}.Release|Any CPU.ActiveCfg = Release|Any CPU
		{4E12F322-096E-4E42-BA86-4BDBC8492115}.Release|Any CPU.Build.0 = Release|Any CPU
		{4E12F322-096E-4E42-BA86-4BDBC8492115}.Release|x86.ActiveCfg = Release|Any CPU
		{4E12F322-096E-4E42-BA86-4BDBC8492115}.Test|Any CPU.ActiveCfg = Release|Any CPU
		{4E12F322-096E-4E42-BA86-4BDBC8492115}.Test|Any CPU.Build.0 = Release|Any CPU
		{4E12F322-096E-4E42-BA86-4BDBC8492115}.Test|x86.ActiveCfg = Release|Any CPU
		{6C7A1C15-555E-45A5-921E-F2A56A3D60F6}.Debug|Any CPU.ActiveCfg = Debug|Any CPU
		{6C7A1C15-555E-45A5-921E-F2A56A3D60F6}.Debug|Any CPU.Build.0 = Debug|Any CPU
		{6C7A1C15-555E-45A5-921E-F2A56A3D60F6}.Debug|x86.ActiveCfg = Debug|Any CPU
		{6C7A1C15-555E-45A5-921E-F2A56A3D60F6}.Release|Any CPU.ActiveCfg = Release|Any CPU
		{6C7A1C15-555E-45A5-921E-F2A56A3D60F6}.Release|Any CPU.Build.0 = Release|Any CPU
		{6C7A1C15-555E-45A5-921E-F2A56A3D60F6}.Release|x86.ActiveCfg = Release|Any CPU
		{6C7A1C15-555E-45A5-921E-F2A56A3D60F6}.Test|Any CPU.ActiveCfg = Release|Any CPU
		{6C7A1C15-555E-45A5-921E-F2A56A3D60F6}.Test|Any CPU.Build.0 = Release|Any CPU
		{6C7A1C15-555E-45A5-921E-F2A56A3D60F6}.Test|x86.ActiveCfg = Release|Any CPU
		{8642135E-EB50-4D86-82D0-0FE71C953ABE}.Debug|Any CPU.ActiveCfg = Debug|Any CPU
		{8642135E-EB50-4D86-82D0-0FE71C953ABE}.Debug|Any CPU.Build.0 = Debug|Any CPU
		{8642135E-EB50-4D86-82D0-0FE71C953ABE}.Debug|x86.ActiveCfg = Debug|Any CPU
		{8642135E-EB50-4D86-82D0-0FE71C953ABE}.Release|Any CPU.ActiveCfg = Release|Any CPU
		{8642135E-EB50-4D86-82D0-0FE71C953ABE}.Release|Any CPU.Build.0 = Release|Any CPU
		{8642135E-EB50-4D86-82D0-0FE71C953ABE}.Release|x86.ActiveCfg = Release|Any CPU
		{8642135E-EB50-4D86-82D0-0FE71C953ABE}.Test|Any CPU.ActiveCfg = Release|Any CPU
		{8642135E-EB50-4D86-82D0-0FE71C953ABE}.Test|Any CPU.Build.0 = Release|Any CPU
		{8642135E-EB50-4D86-82D0-0FE71C953ABE}.Test|x86.ActiveCfg = Release|Any CPU
		{6855EB1F-F435-470A-A722-381D01415193}.Debug|Any CPU.ActiveCfg = Debug|Any CPU
		{6855EB1F-F435-470A-A722-381D01415193}.Debug|Any CPU.Build.0 = Debug|Any CPU
		{6855EB1F-F435-470A-A722-381D01415193}.Debug|x86.ActiveCfg = Debug|Any CPU
		{6855EB1F-F435-470A-A722-381D01415193}.Release|Any CPU.ActiveCfg = Release|Any CPU
		{6855EB1F-F435-470A-A722-381D01415193}.Release|Any CPU.Build.0 = Release|Any CPU
		{6855EB1F-F435-470A-A722-381D01415193}.Release|x86.ActiveCfg = Release|Any CPU
		{6855EB1F-F435-470A-A722-381D01415193}.Test|Any CPU.ActiveCfg = Release|Any CPU
		{6855EB1F-F435-470A-A722-381D01415193}.Test|Any CPU.Build.0 = Release|Any CPU
		{6855EB1F-F435-470A-A722-381D01415193}.Test|x86.ActiveCfg = Release|Any CPU
		{87B1AA14-40C5-4D04-BE99-4337D634AB99}.Debug|Any CPU.ActiveCfg = Debug|Any CPU
		{87B1AA14-40C5-4D04-BE99-4337D634AB99}.Debug|Any CPU.Build.0 = Debug|Any CPU
		{87B1AA14-40C5-4D04-BE99-4337D634AB99}.Debug|x86.ActiveCfg = Debug|Any CPU
		{87B1AA14-40C5-4D04-BE99-4337D634AB99}.Release|Any CPU.ActiveCfg = Release|Any CPU
		{87B1AA14-40C5-4D04-BE99-4337D634AB99}.Release|Any CPU.Build.0 = Release|Any CPU
		{87B1AA14-40C5-4D04-BE99-4337D634AB99}.Release|x86.ActiveCfg = Release|Any CPU
		{87B1AA14-40C5-4D04-BE99-4337D634AB99}.Test|Any CPU.ActiveCfg = Release|Any CPU
		{87B1AA14-40C5-4D04-BE99-4337D634AB99}.Test|Any CPU.Build.0 = Release|Any CPU
		{87B1AA14-40C5-4D04-BE99-4337D634AB99}.Test|x86.ActiveCfg = Release|Any CPU
		{265C672B-B6F6-40F8-9180-B0BE5575ABDE}.Debug|Any CPU.ActiveCfg = Debug|Any CPU
		{265C672B-B6F6-40F8-9180-B0BE5575ABDE}.Debug|Any CPU.Build.0 = Debug|Any CPU
		{265C672B-B6F6-40F8-9180-B0BE5575ABDE}.Debug|x86.ActiveCfg = Debug|Any CPU
		{265C672B-B6F6-40F8-9180-B0BE5575ABDE}.Release|Any CPU.ActiveCfg = Release|Any CPU
		{265C672B-B6F6-40F8-9180-B0BE5575ABDE}.Release|Any CPU.Build.0 = Release|Any CPU
		{265C672B-B6F6-40F8-9180-B0BE5575ABDE}.Release|x86.ActiveCfg = Release|Any CPU
		{265C672B-B6F6-40F8-9180-B0BE5575ABDE}.Test|Any CPU.ActiveCfg = Release|Any CPU
		{265C672B-B6F6-40F8-9180-B0BE5575ABDE}.Test|Any CPU.Build.0 = Release|Any CPU
		{265C672B-B6F6-40F8-9180-B0BE5575ABDE}.Test|x86.ActiveCfg = Release|Any CPU
		{94857B1A-5627-4B0F-9C75-32D39C3FF674}.Debug|Any CPU.ActiveCfg = Debug|Any CPU
		{94857B1A-5627-4B0F-9C75-32D39C3FF674}.Debug|Any CPU.Build.0 = Debug|Any CPU
		{94857B1A-5627-4B0F-9C75-32D39C3FF674}.Debug|x86.ActiveCfg = Debug|Any CPU
		{94857B1A-5627-4B0F-9C75-32D39C3FF674}.Release|Any CPU.ActiveCfg = Release|Any CPU
		{94857B1A-5627-4B0F-9C75-32D39C3FF674}.Release|Any CPU.Build.0 = Release|Any CPU
		{94857B1A-5627-4B0F-9C75-32D39C3FF674}.Release|x86.ActiveCfg = Release|Any CPU
		{94857B1A-5627-4B0F-9C75-32D39C3FF674}.Test|Any CPU.ActiveCfg = Release|Any CPU
		{94857B1A-5627-4B0F-9C75-32D39C3FF674}.Test|Any CPU.Build.0 = Release|Any CPU
		{94857B1A-5627-4B0F-9C75-32D39C3FF674}.Test|x86.ActiveCfg = Release|Any CPU
		{344CB4A3-74F0-4559-A786-423E6888DB4B}.Debug|Any CPU.ActiveCfg = Debug|Any CPU
		{344CB4A3-74F0-4559-A786-423E6888DB4B}.Debug|Any CPU.Build.0 = Debug|Any CPU
		{344CB4A3-74F0-4559-A786-423E6888DB4B}.Debug|x86.ActiveCfg = Debug|Any CPU
		{344CB4A3-74F0-4559-A786-423E6888DB4B}.Release|Any CPU.ActiveCfg = Release|Any CPU
		{344CB4A3-74F0-4559-A786-423E6888DB4B}.Release|Any CPU.Build.0 = Release|Any CPU
		{344CB4A3-74F0-4559-A786-423E6888DB4B}.Release|x86.ActiveCfg = Release|Any CPU
		{344CB4A3-74F0-4559-A786-423E6888DB4B}.Test|Any CPU.ActiveCfg = Release|Any CPU
		{344CB4A3-74F0-4559-A786-423E6888DB4B}.Test|Any CPU.Build.0 = Release|Any CPU
		{344CB4A3-74F0-4559-A786-423E6888DB4B}.Test|x86.ActiveCfg = Release|Any CPU
		{DA294B3F-58C7-4255-B6AA-82C2393DA49F}.Debug|Any CPU.ActiveCfg = Debug|Any CPU
		{DA294B3F-58C7-4255-B6AA-82C2393DA49F}.Debug|Any CPU.Build.0 = Debug|Any CPU
		{DA294B3F-58C7-4255-B6AA-82C2393DA49F}.Debug|x86.ActiveCfg = Debug|Any CPU
		{DA294B3F-58C7-4255-B6AA-82C2393DA49F}.Release|Any CPU.ActiveCfg = Release|Any CPU
		{DA294B3F-58C7-4255-B6AA-82C2393DA49F}.Release|Any CPU.Build.0 = Release|Any CPU
		{DA294B3F-58C7-4255-B6AA-82C2393DA49F}.Release|x86.ActiveCfg = Release|Any CPU
		{DA294B3F-58C7-4255-B6AA-82C2393DA49F}.Test|Any CPU.ActiveCfg = Release|Any CPU
		{DA294B3F-58C7-4255-B6AA-82C2393DA49F}.Test|Any CPU.Build.0 = Release|Any CPU
		{DA294B3F-58C7-4255-B6AA-82C2393DA49F}.Test|x86.ActiveCfg = Release|Any CPU
		{685D9EE7-16ED-42B2-A7BB-087D788FC6FC}.Debug|Any CPU.ActiveCfg = Debug|Any CPU
		{685D9EE7-16ED-42B2-A7BB-087D788FC6FC}.Debug|Any CPU.Build.0 = Debug|Any CPU
		{685D9EE7-16ED-42B2-A7BB-087D788FC6FC}.Debug|x86.ActiveCfg = Debug|Any CPU
		{685D9EE7-16ED-42B2-A7BB-087D788FC6FC}.Release|Any CPU.ActiveCfg = Release|Any CPU
		{685D9EE7-16ED-42B2-A7BB-087D788FC6FC}.Release|Any CPU.Build.0 = Release|Any CPU
		{685D9EE7-16ED-42B2-A7BB-087D788FC6FC}.Release|x86.ActiveCfg = Release|Any CPU
		{685D9EE7-16ED-42B2-A7BB-087D788FC6FC}.Test|Any CPU.ActiveCfg = Release|Any CPU
		{685D9EE7-16ED-42B2-A7BB-087D788FC6FC}.Test|Any CPU.Build.0 = Release|Any CPU
		{685D9EE7-16ED-42B2-A7BB-087D788FC6FC}.Test|x86.ActiveCfg = Release|Any CPU
		{4F184A1D-FB06-47DA-93E1-2B45287ED20A}.Debug|Any CPU.ActiveCfg = Debug|Any CPU
		{4F184A1D-FB06-47DA-93E1-2B45287ED20A}.Debug|Any CPU.Build.0 = Debug|Any CPU
		{4F184A1D-FB06-47DA-93E1-2B45287ED20A}.Debug|x86.ActiveCfg = Debug|Any CPU
		{4F184A1D-FB06-47DA-93E1-2B45287ED20A}.Release|Any CPU.ActiveCfg = Release|Any CPU
		{4F184A1D-FB06-47DA-93E1-2B45287ED20A}.Release|Any CPU.Build.0 = Release|Any CPU
		{4F184A1D-FB06-47DA-93E1-2B45287ED20A}.Release|x86.ActiveCfg = Release|Any CPU
		{4F184A1D-FB06-47DA-93E1-2B45287ED20A}.Test|Any CPU.ActiveCfg = Release|Any CPU
		{4F184A1D-FB06-47DA-93E1-2B45287ED20A}.Test|Any CPU.Build.0 = Release|Any CPU
		{4F184A1D-FB06-47DA-93E1-2B45287ED20A}.Test|x86.ActiveCfg = Release|Any CPU
		{C163F724-12D5-4CBF-AE53-0C191D1182EE}.Debug|Any CPU.ActiveCfg = Debug|Any CPU
		{C163F724-12D5-4CBF-AE53-0C191D1182EE}.Debug|Any CPU.Build.0 = Debug|Any CPU
		{C163F724-12D5-4CBF-AE53-0C191D1182EE}.Debug|x86.ActiveCfg = Debug|Any CPU
		{C163F724-12D5-4CBF-AE53-0C191D1182EE}.Release|Any CPU.ActiveCfg = Release|Any CPU
		{C163F724-12D5-4CBF-AE53-0C191D1182EE}.Release|Any CPU.Build.0 = Release|Any CPU
		{C163F724-12D5-4CBF-AE53-0C191D1182EE}.Release|x86.ActiveCfg = Release|Any CPU
		{C163F724-12D5-4CBF-AE53-0C191D1182EE}.Test|Any CPU.ActiveCfg = Release|Any CPU
		{C163F724-12D5-4CBF-AE53-0C191D1182EE}.Test|Any CPU.Build.0 = Release|Any CPU
		{C163F724-12D5-4CBF-AE53-0C191D1182EE}.Test|x86.ActiveCfg = Release|Any CPU
		{9D67635C-858F-4CCC-92B5-932CCFA772FC}.Debug|Any CPU.ActiveCfg = Debug|Any CPU
		{9D67635C-858F-4CCC-92B5-932CCFA772FC}.Debug|Any CPU.Build.0 = Debug|Any CPU
		{9D67635C-858F-4CCC-92B5-932CCFA772FC}.Debug|x86.ActiveCfg = Debug|Any CPU
		{9D67635C-858F-4CCC-92B5-932CCFA772FC}.Release|Any CPU.ActiveCfg = Release|Any CPU
		{9D67635C-858F-4CCC-92B5-932CCFA772FC}.Release|Any CPU.Build.0 = Release|Any CPU
		{9D67635C-858F-4CCC-92B5-932CCFA772FC}.Release|x86.ActiveCfg = Release|Any CPU
		{9D67635C-858F-4CCC-92B5-932CCFA772FC}.Test|Any CPU.ActiveCfg = Release|Any CPU
		{9D67635C-858F-4CCC-92B5-932CCFA772FC}.Test|Any CPU.Build.0 = Release|Any CPU
		{9D67635C-858F-4CCC-92B5-932CCFA772FC}.Test|x86.ActiveCfg = Release|Any CPU
		{4945FA7B-1F7E-4928-94FE-05E4CB96F7C0}.Debug|Any CPU.ActiveCfg = Debug|Any CPU
		{4945FA7B-1F7E-4928-94FE-05E4CB96F7C0}.Debug|Any CPU.Build.0 = Debug|Any CPU
		{4945FA7B-1F7E-4928-94FE-05E4CB96F7C0}.Debug|x86.ActiveCfg = Debug|Any CPU
		{4945FA7B-1F7E-4928-94FE-05E4CB96F7C0}.Release|Any CPU.ActiveCfg = Release|Any CPU
		{4945FA7B-1F7E-4928-94FE-05E4CB96F7C0}.Release|Any CPU.Build.0 = Release|Any CPU
		{4945FA7B-1F7E-4928-94FE-05E4CB96F7C0}.Release|x86.ActiveCfg = Release|Any CPU
		{4945FA7B-1F7E-4928-94FE-05E4CB96F7C0}.Test|Any CPU.ActiveCfg = Release|Any CPU
		{4945FA7B-1F7E-4928-94FE-05E4CB96F7C0}.Test|Any CPU.Build.0 = Release|Any CPU
		{4945FA7B-1F7E-4928-94FE-05E4CB96F7C0}.Test|x86.ActiveCfg = Release|Any CPU
		{CECB042E-0E45-4D6A-8D29-460D65254C7D}.Debug|Any CPU.ActiveCfg = Debug|Any CPU
		{CECB042E-0E45-4D6A-8D29-460D65254C7D}.Debug|Any CPU.Build.0 = Debug|Any CPU
		{CECB042E-0E45-4D6A-8D29-460D65254C7D}.Debug|x86.ActiveCfg = Debug|Any CPU
		{CECB042E-0E45-4D6A-8D29-460D65254C7D}.Release|Any CPU.ActiveCfg = Release|Any CPU
		{CECB042E-0E45-4D6A-8D29-460D65254C7D}.Release|Any CPU.Build.0 = Release|Any CPU
		{CECB042E-0E45-4D6A-8D29-460D65254C7D}.Release|x86.ActiveCfg = Release|Any CPU
		{CECB042E-0E45-4D6A-8D29-460D65254C7D}.Test|Any CPU.ActiveCfg = Release|Any CPU
		{CECB042E-0E45-4D6A-8D29-460D65254C7D}.Test|Any CPU.Build.0 = Release|Any CPU
		{CECB042E-0E45-4D6A-8D29-460D65254C7D}.Test|x86.ActiveCfg = Release|Any CPU
		{2F51855E-005F-4D7A-9418-31DE37CB3BA4}.Debug|Any CPU.ActiveCfg = Debug|Any CPU
		{2F51855E-005F-4D7A-9418-31DE37CB3BA4}.Debug|Any CPU.Build.0 = Debug|Any CPU
		{2F51855E-005F-4D7A-9418-31DE37CB3BA4}.Debug|x86.ActiveCfg = Debug|Any CPU
		{2F51855E-005F-4D7A-9418-31DE37CB3BA4}.Debug|x86.Build.0 = Debug|Any CPU
		{2F51855E-005F-4D7A-9418-31DE37CB3BA4}.Release|Any CPU.ActiveCfg = Release|Any CPU
		{2F51855E-005F-4D7A-9418-31DE37CB3BA4}.Release|Any CPU.Build.0 = Release|Any CPU
		{2F51855E-005F-4D7A-9418-31DE37CB3BA4}.Release|x86.ActiveCfg = Release|Any CPU
		{2F51855E-005F-4D7A-9418-31DE37CB3BA4}.Release|x86.Build.0 = Release|Any CPU
		{2F51855E-005F-4D7A-9418-31DE37CB3BA4}.Test|Any CPU.ActiveCfg = Release|Any CPU
		{2F51855E-005F-4D7A-9418-31DE37CB3BA4}.Test|Any CPU.Build.0 = Release|Any CPU
		{2F51855E-005F-4D7A-9418-31DE37CB3BA4}.Test|x86.ActiveCfg = Release|Any CPU
		{2F51855E-005F-4D7A-9418-31DE37CB3BA4}.Test|x86.Build.0 = Release|Any CPU
		{4FE6D51D-0CE8-4C07-80B1-F3C9BA4A9F21}.Debug|Any CPU.ActiveCfg = Debug|Any CPU
		{4FE6D51D-0CE8-4C07-80B1-F3C9BA4A9F21}.Debug|Any CPU.Build.0 = Debug|Any CPU
		{4FE6D51D-0CE8-4C07-80B1-F3C9BA4A9F21}.Debug|x86.ActiveCfg = Debug|Any CPU
		{4FE6D51D-0CE8-4C07-80B1-F3C9BA4A9F21}.Debug|x86.Build.0 = Debug|Any CPU
		{4FE6D51D-0CE8-4C07-80B1-F3C9BA4A9F21}.Release|Any CPU.ActiveCfg = Release|Any CPU
		{4FE6D51D-0CE8-4C07-80B1-F3C9BA4A9F21}.Release|Any CPU.Build.0 = Release|Any CPU
		{4FE6D51D-0CE8-4C07-80B1-F3C9BA4A9F21}.Release|x86.ActiveCfg = Release|Any CPU
		{4FE6D51D-0CE8-4C07-80B1-F3C9BA4A9F21}.Release|x86.Build.0 = Release|Any CPU
		{4FE6D51D-0CE8-4C07-80B1-F3C9BA4A9F21}.Test|Any CPU.ActiveCfg = Release|Any CPU
		{4FE6D51D-0CE8-4C07-80B1-F3C9BA4A9F21}.Test|Any CPU.Build.0 = Release|Any CPU
		{4FE6D51D-0CE8-4C07-80B1-F3C9BA4A9F21}.Test|x86.ActiveCfg = Release|Any CPU
		{4FE6D51D-0CE8-4C07-80B1-F3C9BA4A9F21}.Test|x86.Build.0 = Release|Any CPU
		{75448DD7-4A34-464D-BE4C-7FE41657EB41}.Debug|Any CPU.ActiveCfg = Debug|Any CPU
		{75448DD7-4A34-464D-BE4C-7FE41657EB41}.Debug|Any CPU.Build.0 = Debug|Any CPU
		{75448DD7-4A34-464D-BE4C-7FE41657EB41}.Debug|x86.ActiveCfg = Debug|Any CPU
		{75448DD7-4A34-464D-BE4C-7FE41657EB41}.Debug|x86.Build.0 = Debug|Any CPU
		{75448DD7-4A34-464D-BE4C-7FE41657EB41}.Release|Any CPU.ActiveCfg = Release|Any CPU
		{75448DD7-4A34-464D-BE4C-7FE41657EB41}.Release|Any CPU.Build.0 = Release|Any CPU
		{75448DD7-4A34-464D-BE4C-7FE41657EB41}.Release|x86.ActiveCfg = Release|Any CPU
		{75448DD7-4A34-464D-BE4C-7FE41657EB41}.Release|x86.Build.0 = Release|Any CPU
		{75448DD7-4A34-464D-BE4C-7FE41657EB41}.Test|Any CPU.ActiveCfg = Release|Any CPU
		{75448DD7-4A34-464D-BE4C-7FE41657EB41}.Test|Any CPU.Build.0 = Release|Any CPU
		{75448DD7-4A34-464D-BE4C-7FE41657EB41}.Test|x86.ActiveCfg = Release|Any CPU
		{75448DD7-4A34-464D-BE4C-7FE41657EB41}.Test|x86.Build.0 = Release|Any CPU
		{784A35AD-E6A9-46A4-945C-6D62C55503E0}.Debug|Any CPU.ActiveCfg = Debug|Any CPU
		{784A35AD-E6A9-46A4-945C-6D62C55503E0}.Debug|Any CPU.Build.0 = Debug|Any CPU
		{784A35AD-E6A9-46A4-945C-6D62C55503E0}.Debug|x86.ActiveCfg = Debug|Any CPU
		{784A35AD-E6A9-46A4-945C-6D62C55503E0}.Debug|x86.Build.0 = Debug|Any CPU
		{784A35AD-E6A9-46A4-945C-6D62C55503E0}.Release|Any CPU.ActiveCfg = Release|Any CPU
		{784A35AD-E6A9-46A4-945C-6D62C55503E0}.Release|Any CPU.Build.0 = Release|Any CPU
		{784A35AD-E6A9-46A4-945C-6D62C55503E0}.Release|x86.ActiveCfg = Release|Any CPU
		{784A35AD-E6A9-46A4-945C-6D62C55503E0}.Release|x86.Build.0 = Release|Any CPU
		{784A35AD-E6A9-46A4-945C-6D62C55503E0}.Test|Any CPU.ActiveCfg = Release|Any CPU
		{784A35AD-E6A9-46A4-945C-6D62C55503E0}.Test|Any CPU.Build.0 = Release|Any CPU
		{784A35AD-E6A9-46A4-945C-6D62C55503E0}.Test|x86.ActiveCfg = Release|Any CPU
		{784A35AD-E6A9-46A4-945C-6D62C55503E0}.Test|x86.Build.0 = Release|Any CPU
		{FE78C88F-4E40-4E88-9D1B-91692A4A670A}.Debug|Any CPU.ActiveCfg = Debug|Any CPU
		{FE78C88F-4E40-4E88-9D1B-91692A4A670A}.Debug|Any CPU.Build.0 = Debug|Any CPU
		{FE78C88F-4E40-4E88-9D1B-91692A4A670A}.Debug|x86.ActiveCfg = Debug|Any CPU
		{FE78C88F-4E40-4E88-9D1B-91692A4A670A}.Debug|x86.Build.0 = Debug|Any CPU
		{FE78C88F-4E40-4E88-9D1B-91692A4A670A}.Release|Any CPU.ActiveCfg = Release|Any CPU
		{FE78C88F-4E40-4E88-9D1B-91692A4A670A}.Release|Any CPU.Build.0 = Release|Any CPU
		{FE78C88F-4E40-4E88-9D1B-91692A4A670A}.Release|x86.ActiveCfg = Release|Any CPU
		{FE78C88F-4E40-4E88-9D1B-91692A4A670A}.Release|x86.Build.0 = Release|Any CPU
		{FE78C88F-4E40-4E88-9D1B-91692A4A670A}.Test|Any CPU.ActiveCfg = Release|Any CPU
		{FE78C88F-4E40-4E88-9D1B-91692A4A670A}.Test|Any CPU.Build.0 = Release|Any CPU
		{FE78C88F-4E40-4E88-9D1B-91692A4A670A}.Test|x86.ActiveCfg = Release|Any CPU
		{FE78C88F-4E40-4E88-9D1B-91692A4A670A}.Test|x86.Build.0 = Release|Any CPU
		{9AEB4DF3-91A4-4672-978F-57C0769A6EE3}.Debug|Any CPU.ActiveCfg = Debug|Any CPU
		{9AEB4DF3-91A4-4672-978F-57C0769A6EE3}.Debug|Any CPU.Build.0 = Debug|Any CPU
		{9AEB4DF3-91A4-4672-978F-57C0769A6EE3}.Debug|x86.ActiveCfg = Debug|Any CPU
		{9AEB4DF3-91A4-4672-978F-57C0769A6EE3}.Debug|x86.Build.0 = Debug|Any CPU
		{9AEB4DF3-91A4-4672-978F-57C0769A6EE3}.Release|Any CPU.ActiveCfg = Release|Any CPU
		{9AEB4DF3-91A4-4672-978F-57C0769A6EE3}.Release|Any CPU.Build.0 = Release|Any CPU
		{9AEB4DF3-91A4-4672-978F-57C0769A6EE3}.Release|x86.ActiveCfg = Release|Any CPU
		{9AEB4DF3-91A4-4672-978F-57C0769A6EE3}.Release|x86.Build.0 = Release|Any CPU
		{9AEB4DF3-91A4-4672-978F-57C0769A6EE3}.Test|Any CPU.ActiveCfg = Release|Any CPU
		{9AEB4DF3-91A4-4672-978F-57C0769A6EE3}.Test|Any CPU.Build.0 = Release|Any CPU
		{9AEB4DF3-91A4-4672-978F-57C0769A6EE3}.Test|x86.ActiveCfg = Release|Any CPU
		{9AEB4DF3-91A4-4672-978F-57C0769A6EE3}.Test|x86.Build.0 = Release|Any CPU
	EndGlobalSection
	GlobalSection(SolutionProperties) = preSolution
		HideSolutionNode = FALSE
	EndGlobalSection
EndGlobal
