
Microsoft Visual Studio Solution File, Format Version 12.00
# Visual Studio 2013
VisualStudioVersion = 12.0.30501.0
MinimumVisualStudioVersion = 10.0.40219.1
Project("{FAE04EC0-301F-11D3-BF4B-00C04F79EFBC}") = "PeanutButter.RandomGenerators", "PeanutButter.RandomGenerators\PeanutButter.RandomGenerators.csproj", "{CB22D9AE-A2A8-45D0-92B9-FADC687120F0}"
EndProject
Project("{FAE04EC0-301F-11D3-BF4B-00C04F79EFBC}") = "PeanutButter.TestUtils.Generic", "PeanutButter.TestUtils\PeanutButter.TestUtils.Generic.csproj", "{6DDD7F9E-857A-442B-9148-05B34EA279C4}"
EndProject
Project("{FAE04EC0-301F-11D3-BF4B-00C04F79EFBC}") = "PeanutButter.TestUtils.MVC", "PeanutButter.TestUtils.MVC\PeanutButter.TestUtils.MVC.csproj", "{851DA54E-4FBF-4F02-9C65-52B22015415D}"
EndProject
Project("{FAE04EC0-301F-11D3-BF4B-00C04F79EFBC}") = "PeanutButter.MVC", "PeanutButter.MVC\PeanutButter.MVC.csproj", "{BB13BD1A-730D-43B0-82FE-738399D3D21A}"
EndProject
Project("{FAE04EC0-301F-11D3-BF4B-00C04F79EFBC}") = "PeanutButter.MVC.Tests", "PeanutButter.MVC.Tests\PeanutButter.MVC.Tests.csproj", "{FCA96984-2E9E-44CC-8038-BB3F171343CF}"
EndProject
Project("{FAE04EC0-301F-11D3-BF4B-00C04F79EFBC}") = "PeanutButter.RandomGenerators.Tests", "PeanutButter.RandomGenerators.Tests\PeanutButter.RandomGenerators.Tests.csproj", "{3885D69D-15A3-4DAB-AC23-D292E1AB8128}"
EndProject
Project("{FAE04EC0-301F-11D3-BF4B-00C04F79EFBC}") = "PeanutButter.ServiceShell", "PeanutButter.ServiceShell\PeanutButter.ServiceShell.csproj", "{EF4F2F73-5126-4DE1-9729-AE758AAB5E0E}"
EndProject
Project("{FAE04EC0-301F-11D3-BF4B-00C04F79EFBC}") = "EmailSpooler.Win32Service", "EmailSpooler.Win32Service\EmailSpooler.Win32Service.csproj", "{74B3F773-06A9-4D1D-BEE9-A152DE005006}"
EndProject
Project("{FAE04EC0-301F-11D3-BF4B-00C04F79EFBC}") = "PeanutButter.WindowsServiceManagement", "PeanutButter.WindowsServiceManagement\PeanutButter.WindowsServiceManagement.csproj", "{C97C82C9-8975-4367-8B5E-386F93B6130C}"
EndProject
Project("{FAE04EC0-301F-11D3-BF4B-00C04F79EFBC}") = "EmailSpooler.Win32Service.DB", "EmailSpooler.Win32Service.DB\EmailSpooler.Win32Service.DB.csproj", "{3D515895-08FC-46B6-AB16-E2B9AC1AFFB3}"
EndProject
Project("{FAE04EC0-301F-11D3-BF4B-00C04F79EFBC}") = "EmailSpooler.Win32Service.Tests", "EmailSpooler.Win32Service.Tests\EmailSpooler.Win32Service.Tests.csproj", "{B848B10D-7434-48B4-A190-86A125F1C7C4}"
EndProject
Project("{FAE04EC0-301F-11D3-BF4B-00C04F79EFBC}") = "PeanutButter.Utils", "PeanutButter.Utils\PeanutButter.Utils.csproj", "{EFC85343-95B4-48C3-BCBE-579EA4868C0A}"
EndProject
Project("{FAE04EC0-301F-11D3-BF4B-00C04F79EFBC}") = "PeanutButter.Utils.Tests", "PeanutButter.Utils.Tests\PeanutButter.Utils.Tests.csproj", "{A7B7276C-B224-4289-8930-A821A4B03C90}"
EndProject
Project("{F184B08F-C81C-45F6-A57F-5ABD9991F28F}") = "PeanutButter.DatabaseHelpers", "PeanutButter.DatabaseHelpers\PeanutButter.DatabaseHelpers.vbproj", "{02DF2FD5-59E2-4EC8-80D1-E745D7D834C5}"
EndProject
Project("{F184B08F-C81C-45F6-A57F-5ABD9991F28F}") = "PeanutButter.DatabaseHelpers.Tests", "PeanutButter.DatabaseHelpers.Tests\PeanutButter.DatabaseHelpers.Tests.vbproj", "{06CFA7FB-6B07-45DF-896F-ECCEB6633E0B}"
EndProject
Project("{2150E333-8FDC-42A3-9474-1A3956D46DE8}") = ".nuget", ".nuget", "{E2A2D658-DF6C-4620-9E31-0720231D5CC0}"
	ProjectSection(SolutionItems) = preProject
		.nuget\NuGet.Config = .nuget\NuGet.Config
		.nuget\NuGet.exe = .nuget\NuGet.exe
		.nuget\NuGet.targets = .nuget\NuGet.targets
	EndProjectSection
EndProject
Project("{F184B08F-C81C-45F6-A57F-5ABD9991F28F}") = "PeanutButter.DatabaseHelpers.Testability", "PeanutButter.DatabaseHelpers.Testability\PeanutButter.DatabaseHelpers.Testability.vbproj", "{3D2EEE6D-E118-41FA-BB34-A0B56C993775}"
EndProject
Project("{FAE04EC0-301F-11D3-BF4B-00C04F79EFBC}") = "PeanutButter.DatabaseHelpers.NugetPackage", "PeanutButter.DatabaseHelpers.NugetPackage\PeanutButter.DatabaseHelpers.NugetPackage.csproj", "{0451BAEF-DF2E-4B98-8644-94EE9415E389}"
	ProjectSection(ProjectDependencies) = postProject
		{02DF2FD5-59E2-4EC8-80D1-E745D7D834C5} = {02DF2FD5-59E2-4EC8-80D1-E745D7D834C5}
	EndProjectSection
EndProject
Project("{FAE04EC0-301F-11D3-BF4B-00C04F79EFBC}") = "PeanutButter.DatabaseHelpers.Testability.NugetPackage", "PeanutButter.DatabaseHelpers.Testability.NugetPackage\PeanutButter.DatabaseHelpers.Testability.NugetPackage.csproj", "{90A441DE-E1AA-4FE1-934E-DAD19DC5872D}"
	ProjectSection(ProjectDependencies) = postProject
		{3D2EEE6D-E118-41FA-BB34-A0B56C993775} = {3D2EEE6D-E118-41FA-BB34-A0B56C993775}
	EndProjectSection
EndProject
Project("{FAE04EC0-301F-11D3-BF4B-00C04F79EFBC}") = "PeanutButter.RandomGenerators.NugetPackage", "PeanutButter.RandomGenerators.NugetPackage\PeanutButter.RandomGenerators.NugetPackage.csproj", "{54C192CB-A0F1-48F9-8D21-E5C805B328B2}"
	ProjectSection(ProjectDependencies) = postProject
		{CB22D9AE-A2A8-45D0-92B9-FADC687120F0} = {CB22D9AE-A2A8-45D0-92B9-FADC687120F0}
	EndProjectSection
EndProject
Project("{FAE04EC0-301F-11D3-BF4B-00C04F79EFBC}") = "PeanutButter.ServiceShell.NugetPackage", "PeanutButter.ServiceShell.NugetPackage\PeanutButter.ServiceShell.NugetPackage.csproj", "{7E1F4E7A-60A5-45C0-AB9E-8742212D36C8}"
	ProjectSection(ProjectDependencies) = postProject
		{1349BF60-FED9-4288-AE22-50DEDC2F6AC7} = {1349BF60-FED9-4288-AE22-50DEDC2F6AC7}
		{EF4F2F73-5126-4DE1-9729-AE758AAB5E0E} = {EF4F2F73-5126-4DE1-9729-AE758AAB5E0E}
		{C97C82C9-8975-4367-8B5E-386F93B6130C} = {C97C82C9-8975-4367-8B5E-386F93B6130C}
	EndProjectSection
EndProject
Project("{FAE04EC0-301F-11D3-BF4B-00C04F79EFBC}") = "PeanutButter.WindowsServiceManagement.NugetPackage", "PeanutButter.WindowsServiceManagement.NugetPackage\PeanutButter.WindowsServiceManagement.NugetPackage.csproj", "{1349BF60-FED9-4288-AE22-50DEDC2F6AC7}"
	ProjectSection(ProjectDependencies) = postProject
		{C97C82C9-8975-4367-8B5E-386F93B6130C} = {C97C82C9-8975-4367-8B5E-386F93B6130C}
	EndProjectSection
EndProject
Project("{FAE04EC0-301F-11D3-BF4B-00C04F79EFBC}") = "PeanutButter.Utils.NugetPackage", "PeanutButter.Utils.NugetPackage\PeanutButter.Utils.NugetPackage.csproj", "{5D323453-10D1-48C0-B1B7-8B2DA0B9843F}"
	ProjectSection(ProjectDependencies) = postProject
		{EFC85343-95B4-48C3-BCBE-579EA4868C0A} = {EFC85343-95B4-48C3-BCBE-579EA4868C0A}
	EndProjectSection
EndProject
Project("{FAE04EC0-301F-11D3-BF4B-00C04F79EFBC}") = "PeanutButter.TinyEventAggregator", "PeanutButter.TinyEventAggregator\PeanutButter.TinyEventAggregator.csproj", "{07D02ABA-ED94-47AD-83C0-F88CBEFDDCF0}"
EndProject
Project("{FAE04EC0-301F-11D3-BF4B-00C04F79EFBC}") = "PeanutButter.TinyEventAggregator.Tests", "PeanutButter.TinyEventAggregator.Tests\PeanutButter.TinyEventAggregator.Tests.csproj", "{ACB8C2F5-3C3D-4116-8A9C-5E7D8D7B0B83}"
EndProject
Project("{FAE04EC0-301F-11D3-BF4B-00C04F79EFBC}") = "PeanutButter.XmlUtils", "PeanutButter.XmlUtils\PeanutButter.XmlUtils.csproj", "{D67739CD-944E-4E88-B313-0E091CEA185B}"
EndProject
Project("{FAE04EC0-301F-11D3-BF4B-00C04F79EFBC}") = "PeanutButter.XmlUtils.Tests", "PeanutButter.XmlUtils.Tests\PeanutButter.XmlUtils.Tests.csproj", "{117D2204-3AF6-4A14-BAA1-50FB9B77C6F0}"
EndProject
Project("{FAE04EC0-301F-11D3-BF4B-00C04F79EFBC}") = "PeanutButter.XmlUtils.NuGetPackage", "PeanutButter.XmlUtils.NuGetPackage\PeanutButter.XmlUtils.NuGetPackage.csproj", "{2109C6DD-2FC7-42B1-8D9C-351DEA69DE76}"
	ProjectSection(ProjectDependencies) = postProject
		{D67739CD-944E-4E88-B313-0E091CEA185B} = {D67739CD-944E-4E88-B313-0E091CEA185B}
	EndProjectSection
EndProject
Project("{FAE04EC0-301F-11D3-BF4B-00C04F79EFBC}") = "PeanutButter.TestUtils.Generic.NugetPackage", "PeanutButter.TestUtils.Generic.NugetPackage\PeanutButter.TestUtils.Generic.NugetPackage.csproj", "{8135DBBC-E388-4CEC-BDCC-B9C3DA7E28B7}"
	ProjectSection(ProjectDependencies) = postProject
		{6DDD7F9E-857A-442B-9148-05B34EA279C4} = {6DDD7F9E-857A-442B-9148-05B34EA279C4}
	EndProjectSection
EndProject
Project("{FAE04EC0-301F-11D3-BF4B-00C04F79EFBC}") = "PeanutButter.TinyEventAggregator.NugetPackage", "PeanutButter.TinyEventAggregator.NuGetPackage\PeanutButter.TinyEventAggregator.NugetPackage.csproj", "{77DC46EB-600B-4761-A601-AEAC09D62594}"
	ProjectSection(ProjectDependencies) = postProject
		{07D02ABA-ED94-47AD-83C0-F88CBEFDDCF0} = {07D02ABA-ED94-47AD-83C0-F88CBEFDDCF0}
	EndProjectSection
EndProject
Project("{FAE04EC0-301F-11D3-BF4B-00C04F79EFBC}") = "PeanutButter.TestUtils.Generic.Tests", "PeanutButter.TestUtils.Generic.Tests\PeanutButter.TestUtils.Generic.Tests.csproj", "{B2384F64-BFCE-4FEF-8CD4-483137D56E5A}"
EndProject
Project("{FAE04EC0-301F-11D3-BF4B-00C04F79EFBC}") = "PeanutButter.TrayIcon", "PeanutButter.TrayIcon\PeanutButter.TrayIcon.csproj", "{17CDFD2E-E3E0-4DDD-AD71-9AA8434705E7}"
EndProject
Project("{FAE04EC0-301F-11D3-BF4B-00C04F79EFBC}") = "PeanutButter.TrayIcon.Tests", "PeanutButter.TrayIcon.Tests\PeanutButter.TrayIcon.Tests.csproj", "{394C0B79-0B29-426C-B990-474DA0303FB9}"
EndProject
Project("{FAE04EC0-301F-11D3-BF4B-00C04F79EFBC}") = "PeanutButter.INI", "PeanutButter.INI\PeanutButter.INI.csproj", "{64644CCE-0CC9-4CE5-BF0E-E45E425F6339}"
EndProject
Project("{FAE04EC0-301F-11D3-BF4B-00C04F79EFBC}") = "PeanutButter.INI.Tests", "PeanutButter.INI.Tests\PeanutButter.INI.Tests.csproj", "{E7E4E4BE-2C42-445F-8251-F2842557115E}"
EndProject
Project("{FAE04EC0-301F-11D3-BF4B-00C04F79EFBC}") = "PeanutButter.INI.NugetPackage", "PeanutButter.INI.NugetPackage\PeanutButter.INI.NugetPackage.csproj", "{C1407577-654E-4862-A15B-B8D1BA630363}"
	ProjectSection(ProjectDependencies) = postProject
		{64644CCE-0CC9-4CE5-BF0E-E45E425F6339} = {64644CCE-0CC9-4CE5-BF0E-E45E425F6339}
	EndProjectSection
EndProject
Project("{FAE04EC0-301F-11D3-BF4B-00C04F79EFBC}") = "PeanutButter.TrayIcon.NugetPackage", "PeanutButter.TrayIcon.NugetPackage\PeanutButter.TrayIcon.NugetPackage.csproj", "{546F9C7A-0E73-4042-9CCC-F1292154B1BE}"
EndProject
Global
	GlobalSection(SolutionConfigurationPlatforms) = preSolution
		Debug|Any CPU = Debug|Any CPU
		Debug|x86 = Debug|x86
		Release|Any CPU = Release|Any CPU
		Release|x86 = Release|x86
		Test|Any CPU = Test|Any CPU
		Test|x86 = Test|x86
	EndGlobalSection
	GlobalSection(ProjectConfigurationPlatforms) = postSolution
		{CB22D9AE-A2A8-45D0-92B9-FADC687120F0}.Debug|Any CPU.ActiveCfg = Debug|Any CPU
		{CB22D9AE-A2A8-45D0-92B9-FADC687120F0}.Debug|Any CPU.Build.0 = Debug|Any CPU
		{CB22D9AE-A2A8-45D0-92B9-FADC687120F0}.Debug|x86.ActiveCfg = Debug|Any CPU
		{CB22D9AE-A2A8-45D0-92B9-FADC687120F0}.Release|Any CPU.ActiveCfg = Release|Any CPU
		{CB22D9AE-A2A8-45D0-92B9-FADC687120F0}.Release|Any CPU.Build.0 = Release|Any CPU
		{CB22D9AE-A2A8-45D0-92B9-FADC687120F0}.Release|x86.ActiveCfg = Release|Any CPU
		{CB22D9AE-A2A8-45D0-92B9-FADC687120F0}.Test|Any CPU.ActiveCfg = Release|Any CPU
		{CB22D9AE-A2A8-45D0-92B9-FADC687120F0}.Test|Any CPU.Build.0 = Release|Any CPU
		{CB22D9AE-A2A8-45D0-92B9-FADC687120F0}.Test|x86.ActiveCfg = Release|Any CPU
		{6DDD7F9E-857A-442B-9148-05B34EA279C4}.Debug|Any CPU.ActiveCfg = Debug|Any CPU
		{6DDD7F9E-857A-442B-9148-05B34EA279C4}.Debug|Any CPU.Build.0 = Debug|Any CPU
		{6DDD7F9E-857A-442B-9148-05B34EA279C4}.Debug|x86.ActiveCfg = Debug|Any CPU
		{6DDD7F9E-857A-442B-9148-05B34EA279C4}.Release|Any CPU.ActiveCfg = Release|Any CPU
		{6DDD7F9E-857A-442B-9148-05B34EA279C4}.Release|Any CPU.Build.0 = Release|Any CPU
		{6DDD7F9E-857A-442B-9148-05B34EA279C4}.Release|x86.ActiveCfg = Release|Any CPU
		{6DDD7F9E-857A-442B-9148-05B34EA279C4}.Test|Any CPU.ActiveCfg = Release|Any CPU
		{6DDD7F9E-857A-442B-9148-05B34EA279C4}.Test|Any CPU.Build.0 = Release|Any CPU
		{6DDD7F9E-857A-442B-9148-05B34EA279C4}.Test|x86.ActiveCfg = Release|Any CPU
		{851DA54E-4FBF-4F02-9C65-52B22015415D}.Debug|Any CPU.ActiveCfg = Debug|Any CPU
		{851DA54E-4FBF-4F02-9C65-52B22015415D}.Debug|Any CPU.Build.0 = Debug|Any CPU
		{851DA54E-4FBF-4F02-9C65-52B22015415D}.Debug|x86.ActiveCfg = Debug|Any CPU
		{851DA54E-4FBF-4F02-9C65-52B22015415D}.Release|Any CPU.ActiveCfg = Release|Any CPU
		{851DA54E-4FBF-4F02-9C65-52B22015415D}.Release|Any CPU.Build.0 = Release|Any CPU
		{851DA54E-4FBF-4F02-9C65-52B22015415D}.Release|x86.ActiveCfg = Release|Any CPU
		{851DA54E-4FBF-4F02-9C65-52B22015415D}.Test|Any CPU.ActiveCfg = Release|Any CPU
		{851DA54E-4FBF-4F02-9C65-52B22015415D}.Test|Any CPU.Build.0 = Release|Any CPU
		{851DA54E-4FBF-4F02-9C65-52B22015415D}.Test|x86.ActiveCfg = Release|Any CPU
		{BB13BD1A-730D-43B0-82FE-738399D3D21A}.Debug|Any CPU.ActiveCfg = Debug|Any CPU
		{BB13BD1A-730D-43B0-82FE-738399D3D21A}.Debug|Any CPU.Build.0 = Debug|Any CPU
		{BB13BD1A-730D-43B0-82FE-738399D3D21A}.Debug|x86.ActiveCfg = Debug|Any CPU
		{BB13BD1A-730D-43B0-82FE-738399D3D21A}.Release|Any CPU.ActiveCfg = Release|Any CPU
		{BB13BD1A-730D-43B0-82FE-738399D3D21A}.Release|Any CPU.Build.0 = Release|Any CPU
		{BB13BD1A-730D-43B0-82FE-738399D3D21A}.Release|x86.ActiveCfg = Release|Any CPU
		{BB13BD1A-730D-43B0-82FE-738399D3D21A}.Test|Any CPU.ActiveCfg = Release|Any CPU
		{BB13BD1A-730D-43B0-82FE-738399D3D21A}.Test|Any CPU.Build.0 = Release|Any CPU
		{BB13BD1A-730D-43B0-82FE-738399D3D21A}.Test|x86.ActiveCfg = Release|Any CPU
		{FCA96984-2E9E-44CC-8038-BB3F171343CF}.Debug|Any CPU.ActiveCfg = Debug|Any CPU
		{FCA96984-2E9E-44CC-8038-BB3F171343CF}.Debug|Any CPU.Build.0 = Debug|Any CPU
		{FCA96984-2E9E-44CC-8038-BB3F171343CF}.Debug|x86.ActiveCfg = Debug|Any CPU
		{FCA96984-2E9E-44CC-8038-BB3F171343CF}.Release|Any CPU.ActiveCfg = Release|Any CPU
		{FCA96984-2E9E-44CC-8038-BB3F171343CF}.Release|Any CPU.Build.0 = Release|Any CPU
		{FCA96984-2E9E-44CC-8038-BB3F171343CF}.Release|x86.ActiveCfg = Release|Any CPU
		{FCA96984-2E9E-44CC-8038-BB3F171343CF}.Test|Any CPU.ActiveCfg = Release|Any CPU
		{FCA96984-2E9E-44CC-8038-BB3F171343CF}.Test|Any CPU.Build.0 = Release|Any CPU
		{FCA96984-2E9E-44CC-8038-BB3F171343CF}.Test|x86.ActiveCfg = Release|Any CPU
		{3885D69D-15A3-4DAB-AC23-D292E1AB8128}.Debug|Any CPU.ActiveCfg = Debug|Any CPU
		{3885D69D-15A3-4DAB-AC23-D292E1AB8128}.Debug|Any CPU.Build.0 = Debug|Any CPU
		{3885D69D-15A3-4DAB-AC23-D292E1AB8128}.Debug|x86.ActiveCfg = Debug|Any CPU
		{3885D69D-15A3-4DAB-AC23-D292E1AB8128}.Release|Any CPU.ActiveCfg = Release|Any CPU
		{3885D69D-15A3-4DAB-AC23-D292E1AB8128}.Release|Any CPU.Build.0 = Release|Any CPU
		{3885D69D-15A3-4DAB-AC23-D292E1AB8128}.Release|x86.ActiveCfg = Release|Any CPU
		{3885D69D-15A3-4DAB-AC23-D292E1AB8128}.Test|Any CPU.ActiveCfg = Release|Any CPU
		{3885D69D-15A3-4DAB-AC23-D292E1AB8128}.Test|Any CPU.Build.0 = Release|Any CPU
		{3885D69D-15A3-4DAB-AC23-D292E1AB8128}.Test|x86.ActiveCfg = Release|Any CPU
		{EF4F2F73-5126-4DE1-9729-AE758AAB5E0E}.Debug|Any CPU.ActiveCfg = Debug|Any CPU
		{EF4F2F73-5126-4DE1-9729-AE758AAB5E0E}.Debug|Any CPU.Build.0 = Debug|Any CPU
		{EF4F2F73-5126-4DE1-9729-AE758AAB5E0E}.Debug|x86.ActiveCfg = Debug|Any CPU
		{EF4F2F73-5126-4DE1-9729-AE758AAB5E0E}.Release|Any CPU.ActiveCfg = Release|Any CPU
		{EF4F2F73-5126-4DE1-9729-AE758AAB5E0E}.Release|Any CPU.Build.0 = Release|Any CPU
		{EF4F2F73-5126-4DE1-9729-AE758AAB5E0E}.Release|x86.ActiveCfg = Release|Any CPU
		{EF4F2F73-5126-4DE1-9729-AE758AAB5E0E}.Test|Any CPU.ActiveCfg = Release|Any CPU
		{EF4F2F73-5126-4DE1-9729-AE758AAB5E0E}.Test|Any CPU.Build.0 = Release|Any CPU
		{EF4F2F73-5126-4DE1-9729-AE758AAB5E0E}.Test|x86.ActiveCfg = Release|Any CPU
		{74B3F773-06A9-4D1D-BEE9-A152DE005006}.Debug|Any CPU.ActiveCfg = Debug|Any CPU
		{74B3F773-06A9-4D1D-BEE9-A152DE005006}.Debug|Any CPU.Build.0 = Debug|Any CPU
		{74B3F773-06A9-4D1D-BEE9-A152DE005006}.Debug|x86.ActiveCfg = Debug|Any CPU
		{74B3F773-06A9-4D1D-BEE9-A152DE005006}.Release|Any CPU.ActiveCfg = Release|Any CPU
		{74B3F773-06A9-4D1D-BEE9-A152DE005006}.Release|Any CPU.Build.0 = Release|Any CPU
		{74B3F773-06A9-4D1D-BEE9-A152DE005006}.Release|x86.ActiveCfg = Release|Any CPU
		{74B3F773-06A9-4D1D-BEE9-A152DE005006}.Test|Any CPU.ActiveCfg = Test|Any CPU
		{74B3F773-06A9-4D1D-BEE9-A152DE005006}.Test|Any CPU.Build.0 = Test|Any CPU
		{74B3F773-06A9-4D1D-BEE9-A152DE005006}.Test|x86.ActiveCfg = Test|Any CPU
		{C97C82C9-8975-4367-8B5E-386F93B6130C}.Debug|Any CPU.ActiveCfg = Debug|Any CPU
		{C97C82C9-8975-4367-8B5E-386F93B6130C}.Debug|Any CPU.Build.0 = Debug|Any CPU
		{C97C82C9-8975-4367-8B5E-386F93B6130C}.Debug|x86.ActiveCfg = Debug|Any CPU
		{C97C82C9-8975-4367-8B5E-386F93B6130C}.Release|Any CPU.ActiveCfg = Release|Any CPU
		{C97C82C9-8975-4367-8B5E-386F93B6130C}.Release|Any CPU.Build.0 = Release|Any CPU
		{C97C82C9-8975-4367-8B5E-386F93B6130C}.Release|x86.ActiveCfg = Release|Any CPU
		{C97C82C9-8975-4367-8B5E-386F93B6130C}.Test|Any CPU.ActiveCfg = Release|Any CPU
		{C97C82C9-8975-4367-8B5E-386F93B6130C}.Test|Any CPU.Build.0 = Release|Any CPU
		{C97C82C9-8975-4367-8B5E-386F93B6130C}.Test|x86.ActiveCfg = Release|Any CPU
		{3D515895-08FC-46B6-AB16-E2B9AC1AFFB3}.Debug|Any CPU.ActiveCfg = Debug|Any CPU
		{3D515895-08FC-46B6-AB16-E2B9AC1AFFB3}.Debug|Any CPU.Build.0 = Debug|Any CPU
		{3D515895-08FC-46B6-AB16-E2B9AC1AFFB3}.Debug|x86.ActiveCfg = Debug|Any CPU
		{3D515895-08FC-46B6-AB16-E2B9AC1AFFB3}.Release|Any CPU.ActiveCfg = Release|Any CPU
		{3D515895-08FC-46B6-AB16-E2B9AC1AFFB3}.Release|Any CPU.Build.0 = Release|Any CPU
		{3D515895-08FC-46B6-AB16-E2B9AC1AFFB3}.Release|x86.ActiveCfg = Release|Any CPU
		{3D515895-08FC-46B6-AB16-E2B9AC1AFFB3}.Test|Any CPU.ActiveCfg = Release|Any CPU
		{3D515895-08FC-46B6-AB16-E2B9AC1AFFB3}.Test|Any CPU.Build.0 = Release|Any CPU
		{3D515895-08FC-46B6-AB16-E2B9AC1AFFB3}.Test|x86.ActiveCfg = Release|Any CPU
		{B848B10D-7434-48B4-A190-86A125F1C7C4}.Debug|Any CPU.ActiveCfg = Debug|Any CPU
		{B848B10D-7434-48B4-A190-86A125F1C7C4}.Debug|Any CPU.Build.0 = Debug|Any CPU
		{B848B10D-7434-48B4-A190-86A125F1C7C4}.Debug|x86.ActiveCfg = Debug|Any CPU
		{B848B10D-7434-48B4-A190-86A125F1C7C4}.Release|Any CPU.ActiveCfg = Release|Any CPU
		{B848B10D-7434-48B4-A190-86A125F1C7C4}.Release|Any CPU.Build.0 = Release|Any CPU
		{B848B10D-7434-48B4-A190-86A125F1C7C4}.Release|x86.ActiveCfg = Release|Any CPU
		{B848B10D-7434-48B4-A190-86A125F1C7C4}.Test|Any CPU.ActiveCfg = Test|Any CPU
		{B848B10D-7434-48B4-A190-86A125F1C7C4}.Test|Any CPU.Build.0 = Test|Any CPU
		{B848B10D-7434-48B4-A190-86A125F1C7C4}.Test|x86.ActiveCfg = Test|Any CPU
		{EFC85343-95B4-48C3-BCBE-579EA4868C0A}.Debug|Any CPU.ActiveCfg = Debug|Any CPU
		{EFC85343-95B4-48C3-BCBE-579EA4868C0A}.Debug|Any CPU.Build.0 = Debug|Any CPU
		{EFC85343-95B4-48C3-BCBE-579EA4868C0A}.Debug|x86.ActiveCfg = Debug|Any CPU
		{EFC85343-95B4-48C3-BCBE-579EA4868C0A}.Release|Any CPU.ActiveCfg = Release|Any CPU
		{EFC85343-95B4-48C3-BCBE-579EA4868C0A}.Release|Any CPU.Build.0 = Release|Any CPU
		{EFC85343-95B4-48C3-BCBE-579EA4868C0A}.Release|x86.ActiveCfg = Release|Any CPU
		{EFC85343-95B4-48C3-BCBE-579EA4868C0A}.Test|Any CPU.ActiveCfg = Release|Any CPU
		{EFC85343-95B4-48C3-BCBE-579EA4868C0A}.Test|Any CPU.Build.0 = Release|Any CPU
		{EFC85343-95B4-48C3-BCBE-579EA4868C0A}.Test|x86.ActiveCfg = Release|Any CPU
		{A7B7276C-B224-4289-8930-A821A4B03C90}.Debug|Any CPU.ActiveCfg = Debug|Any CPU
		{A7B7276C-B224-4289-8930-A821A4B03C90}.Debug|Any CPU.Build.0 = Debug|Any CPU
		{A7B7276C-B224-4289-8930-A821A4B03C90}.Debug|x86.ActiveCfg = Debug|Any CPU
		{A7B7276C-B224-4289-8930-A821A4B03C90}.Release|Any CPU.ActiveCfg = Release|Any CPU
		{A7B7276C-B224-4289-8930-A821A4B03C90}.Release|Any CPU.Build.0 = Release|Any CPU
		{A7B7276C-B224-4289-8930-A821A4B03C90}.Release|x86.ActiveCfg = Release|Any CPU
		{A7B7276C-B224-4289-8930-A821A4B03C90}.Test|Any CPU.ActiveCfg = Release|Any CPU
		{A7B7276C-B224-4289-8930-A821A4B03C90}.Test|Any CPU.Build.0 = Release|Any CPU
		{A7B7276C-B224-4289-8930-A821A4B03C90}.Test|x86.ActiveCfg = Release|Any CPU
		{02DF2FD5-59E2-4EC8-80D1-E745D7D834C5}.Debug|Any CPU.ActiveCfg = Debug|Any CPU
		{02DF2FD5-59E2-4EC8-80D1-E745D7D834C5}.Debug|Any CPU.Build.0 = Debug|Any CPU
		{02DF2FD5-59E2-4EC8-80D1-E745D7D834C5}.Debug|x86.ActiveCfg = Debug|Any CPU
		{02DF2FD5-59E2-4EC8-80D1-E745D7D834C5}.Release|Any CPU.ActiveCfg = Release|Any CPU
		{02DF2FD5-59E2-4EC8-80D1-E745D7D834C5}.Release|Any CPU.Build.0 = Release|Any CPU
		{02DF2FD5-59E2-4EC8-80D1-E745D7D834C5}.Release|x86.ActiveCfg = Release|Any CPU
		{02DF2FD5-59E2-4EC8-80D1-E745D7D834C5}.Test|Any CPU.ActiveCfg = Release|Any CPU
		{02DF2FD5-59E2-4EC8-80D1-E745D7D834C5}.Test|Any CPU.Build.0 = Release|Any CPU
		{02DF2FD5-59E2-4EC8-80D1-E745D7D834C5}.Test|x86.ActiveCfg = Release|Any CPU
		{06CFA7FB-6B07-45DF-896F-ECCEB6633E0B}.Debug|Any CPU.ActiveCfg = Debug|Any CPU
		{06CFA7FB-6B07-45DF-896F-ECCEB6633E0B}.Debug|Any CPU.Build.0 = Debug|Any CPU
		{06CFA7FB-6B07-45DF-896F-ECCEB6633E0B}.Debug|x86.ActiveCfg = Debug|Any CPU
		{06CFA7FB-6B07-45DF-896F-ECCEB6633E0B}.Release|Any CPU.ActiveCfg = Release|Any CPU
		{06CFA7FB-6B07-45DF-896F-ECCEB6633E0B}.Release|Any CPU.Build.0 = Release|Any CPU
		{06CFA7FB-6B07-45DF-896F-ECCEB6633E0B}.Release|x86.ActiveCfg = Release|Any CPU
		{06CFA7FB-6B07-45DF-896F-ECCEB6633E0B}.Test|Any CPU.ActiveCfg = Release|Any CPU
		{06CFA7FB-6B07-45DF-896F-ECCEB6633E0B}.Test|Any CPU.Build.0 = Release|Any CPU
		{06CFA7FB-6B07-45DF-896F-ECCEB6633E0B}.Test|x86.ActiveCfg = Release|Any CPU
		{3D2EEE6D-E118-41FA-BB34-A0B56C993775}.Debug|Any CPU.ActiveCfg = Debug|Any CPU
		{3D2EEE6D-E118-41FA-BB34-A0B56C993775}.Debug|Any CPU.Build.0 = Debug|Any CPU
		{3D2EEE6D-E118-41FA-BB34-A0B56C993775}.Debug|x86.ActiveCfg = Debug|Any CPU
		{3D2EEE6D-E118-41FA-BB34-A0B56C993775}.Release|Any CPU.ActiveCfg = Release|Any CPU
		{3D2EEE6D-E118-41FA-BB34-A0B56C993775}.Release|Any CPU.Build.0 = Release|Any CPU
		{3D2EEE6D-E118-41FA-BB34-A0B56C993775}.Release|x86.ActiveCfg = Release|Any CPU
		{3D2EEE6D-E118-41FA-BB34-A0B56C993775}.Test|Any CPU.ActiveCfg = Release|Any CPU
		{3D2EEE6D-E118-41FA-BB34-A0B56C993775}.Test|Any CPU.Build.0 = Release|Any CPU
		{3D2EEE6D-E118-41FA-BB34-A0B56C993775}.Test|x86.ActiveCfg = Release|Any CPU
		{0451BAEF-DF2E-4B98-8644-94EE9415E389}.Debug|Any CPU.ActiveCfg = Debug|Any CPU
		{0451BAEF-DF2E-4B98-8644-94EE9415E389}.Debug|Any CPU.Build.0 = Debug|Any CPU
		{0451BAEF-DF2E-4B98-8644-94EE9415E389}.Debug|x86.ActiveCfg = Debug|Any CPU
		{0451BAEF-DF2E-4B98-8644-94EE9415E389}.Release|Any CPU.ActiveCfg = Release|Any CPU
		{0451BAEF-DF2E-4B98-8644-94EE9415E389}.Release|Any CPU.Build.0 = Release|Any CPU
		{0451BAEF-DF2E-4B98-8644-94EE9415E389}.Release|x86.ActiveCfg = Release|Any CPU
		{0451BAEF-DF2E-4B98-8644-94EE9415E389}.Test|Any CPU.ActiveCfg = Release|Any CPU
		{0451BAEF-DF2E-4B98-8644-94EE9415E389}.Test|Any CPU.Build.0 = Release|Any CPU
		{0451BAEF-DF2E-4B98-8644-94EE9415E389}.Test|x86.ActiveCfg = Release|Any CPU
		{90A441DE-E1AA-4FE1-934E-DAD19DC5872D}.Debug|Any CPU.ActiveCfg = Debug|Any CPU
		{90A441DE-E1AA-4FE1-934E-DAD19DC5872D}.Debug|Any CPU.Build.0 = Debug|Any CPU
		{90A441DE-E1AA-4FE1-934E-DAD19DC5872D}.Debug|x86.ActiveCfg = Debug|Any CPU
		{90A441DE-E1AA-4FE1-934E-DAD19DC5872D}.Release|Any CPU.ActiveCfg = Release|Any CPU
		{90A441DE-E1AA-4FE1-934E-DAD19DC5872D}.Release|Any CPU.Build.0 = Release|Any CPU
		{90A441DE-E1AA-4FE1-934E-DAD19DC5872D}.Release|x86.ActiveCfg = Release|Any CPU
		{90A441DE-E1AA-4FE1-934E-DAD19DC5872D}.Test|Any CPU.ActiveCfg = Release|Any CPU
		{90A441DE-E1AA-4FE1-934E-DAD19DC5872D}.Test|Any CPU.Build.0 = Release|Any CPU
		{90A441DE-E1AA-4FE1-934E-DAD19DC5872D}.Test|x86.ActiveCfg = Release|Any CPU
		{54C192CB-A0F1-48F9-8D21-E5C805B328B2}.Debug|Any CPU.ActiveCfg = Debug|Any CPU
		{54C192CB-A0F1-48F9-8D21-E5C805B328B2}.Debug|Any CPU.Build.0 = Debug|Any CPU
		{54C192CB-A0F1-48F9-8D21-E5C805B328B2}.Debug|x86.ActiveCfg = Debug|Any CPU
		{54C192CB-A0F1-48F9-8D21-E5C805B328B2}.Release|Any CPU.ActiveCfg = Release|Any CPU
		{54C192CB-A0F1-48F9-8D21-E5C805B328B2}.Release|Any CPU.Build.0 = Release|Any CPU
		{54C192CB-A0F1-48F9-8D21-E5C805B328B2}.Release|x86.ActiveCfg = Release|Any CPU
		{54C192CB-A0F1-48F9-8D21-E5C805B328B2}.Test|Any CPU.ActiveCfg = Release|Any CPU
		{54C192CB-A0F1-48F9-8D21-E5C805B328B2}.Test|Any CPU.Build.0 = Release|Any CPU
		{54C192CB-A0F1-48F9-8D21-E5C805B328B2}.Test|x86.ActiveCfg = Release|Any CPU
		{7E1F4E7A-60A5-45C0-AB9E-8742212D36C8}.Debug|Any CPU.ActiveCfg = Debug|Any CPU
		{7E1F4E7A-60A5-45C0-AB9E-8742212D36C8}.Debug|Any CPU.Build.0 = Debug|Any CPU
		{7E1F4E7A-60A5-45C0-AB9E-8742212D36C8}.Debug|x86.ActiveCfg = Debug|Any CPU
		{7E1F4E7A-60A5-45C0-AB9E-8742212D36C8}.Release|Any CPU.ActiveCfg = Release|Any CPU
		{7E1F4E7A-60A5-45C0-AB9E-8742212D36C8}.Release|Any CPU.Build.0 = Release|Any CPU
		{7E1F4E7A-60A5-45C0-AB9E-8742212D36C8}.Release|x86.ActiveCfg = Release|Any CPU
		{7E1F4E7A-60A5-45C0-AB9E-8742212D36C8}.Test|Any CPU.ActiveCfg = Release|Any CPU
		{7E1F4E7A-60A5-45C0-AB9E-8742212D36C8}.Test|Any CPU.Build.0 = Release|Any CPU
		{7E1F4E7A-60A5-45C0-AB9E-8742212D36C8}.Test|x86.ActiveCfg = Release|Any CPU
		{1349BF60-FED9-4288-AE22-50DEDC2F6AC7}.Debug|Any CPU.ActiveCfg = Debug|Any CPU
		{1349BF60-FED9-4288-AE22-50DEDC2F6AC7}.Debug|Any CPU.Build.0 = Debug|Any CPU
		{1349BF60-FED9-4288-AE22-50DEDC2F6AC7}.Debug|x86.ActiveCfg = Debug|Any CPU
		{1349BF60-FED9-4288-AE22-50DEDC2F6AC7}.Release|Any CPU.ActiveCfg = Release|Any CPU
		{1349BF60-FED9-4288-AE22-50DEDC2F6AC7}.Release|Any CPU.Build.0 = Release|Any CPU
		{1349BF60-FED9-4288-AE22-50DEDC2F6AC7}.Release|x86.ActiveCfg = Release|Any CPU
		{1349BF60-FED9-4288-AE22-50DEDC2F6AC7}.Test|Any CPU.ActiveCfg = Release|Any CPU
		{1349BF60-FED9-4288-AE22-50DEDC2F6AC7}.Test|Any CPU.Build.0 = Release|Any CPU
		{1349BF60-FED9-4288-AE22-50DEDC2F6AC7}.Test|x86.ActiveCfg = Release|Any CPU
		{5D323453-10D1-48C0-B1B7-8B2DA0B9843F}.Debug|Any CPU.ActiveCfg = Debug|Any CPU
		{5D323453-10D1-48C0-B1B7-8B2DA0B9843F}.Debug|Any CPU.Build.0 = Debug|Any CPU
		{5D323453-10D1-48C0-B1B7-8B2DA0B9843F}.Debug|x86.ActiveCfg = Debug|Any CPU
		{5D323453-10D1-48C0-B1B7-8B2DA0B9843F}.Release|Any CPU.ActiveCfg = Release|Any CPU
		{5D323453-10D1-48C0-B1B7-8B2DA0B9843F}.Release|Any CPU.Build.0 = Release|Any CPU
		{5D323453-10D1-48C0-B1B7-8B2DA0B9843F}.Release|x86.ActiveCfg = Release|Any CPU
		{5D323453-10D1-48C0-B1B7-8B2DA0B9843F}.Test|Any CPU.ActiveCfg = Release|Any CPU
		{5D323453-10D1-48C0-B1B7-8B2DA0B9843F}.Test|Any CPU.Build.0 = Release|Any CPU
		{5D323453-10D1-48C0-B1B7-8B2DA0B9843F}.Test|x86.ActiveCfg = Release|Any CPU
		{07D02ABA-ED94-47AD-83C0-F88CBEFDDCF0}.Debug|Any CPU.ActiveCfg = Debug|Any CPU
		{07D02ABA-ED94-47AD-83C0-F88CBEFDDCF0}.Debug|Any CPU.Build.0 = Debug|Any CPU
		{07D02ABA-ED94-47AD-83C0-F88CBEFDDCF0}.Debug|x86.ActiveCfg = Debug|x86
		{07D02ABA-ED94-47AD-83C0-F88CBEFDDCF0}.Debug|x86.Build.0 = Debug|x86
		{07D02ABA-ED94-47AD-83C0-F88CBEFDDCF0}.Release|Any CPU.ActiveCfg = Release|Any CPU
		{07D02ABA-ED94-47AD-83C0-F88CBEFDDCF0}.Release|Any CPU.Build.0 = Release|Any CPU
		{07D02ABA-ED94-47AD-83C0-F88CBEFDDCF0}.Release|x86.ActiveCfg = Release|x86
		{07D02ABA-ED94-47AD-83C0-F88CBEFDDCF0}.Release|x86.Build.0 = Release|x86
		{07D02ABA-ED94-47AD-83C0-F88CBEFDDCF0}.Test|Any CPU.ActiveCfg = Release|Any CPU
		{07D02ABA-ED94-47AD-83C0-F88CBEFDDCF0}.Test|Any CPU.Build.0 = Release|Any CPU
		{07D02ABA-ED94-47AD-83C0-F88CBEFDDCF0}.Test|x86.ActiveCfg = Release|x86
		{07D02ABA-ED94-47AD-83C0-F88CBEFDDCF0}.Test|x86.Build.0 = Release|x86
		{ACB8C2F5-3C3D-4116-8A9C-5E7D8D7B0B83}.Debug|Any CPU.ActiveCfg = Debug|Any CPU
		{ACB8C2F5-3C3D-4116-8A9C-5E7D8D7B0B83}.Debug|Any CPU.Build.0 = Debug|Any CPU
		{ACB8C2F5-3C3D-4116-8A9C-5E7D8D7B0B83}.Debug|x86.ActiveCfg = Debug|x86
		{ACB8C2F5-3C3D-4116-8A9C-5E7D8D7B0B83}.Debug|x86.Build.0 = Debug|x86
		{ACB8C2F5-3C3D-4116-8A9C-5E7D8D7B0B83}.Release|Any CPU.ActiveCfg = Release|Any CPU
		{ACB8C2F5-3C3D-4116-8A9C-5E7D8D7B0B83}.Release|Any CPU.Build.0 = Release|Any CPU
		{ACB8C2F5-3C3D-4116-8A9C-5E7D8D7B0B83}.Release|x86.ActiveCfg = Release|x86
		{ACB8C2F5-3C3D-4116-8A9C-5E7D8D7B0B83}.Release|x86.Build.0 = Release|x86
		{ACB8C2F5-3C3D-4116-8A9C-5E7D8D7B0B83}.Test|Any CPU.ActiveCfg = Release|Any CPU
		{ACB8C2F5-3C3D-4116-8A9C-5E7D8D7B0B83}.Test|Any CPU.Build.0 = Release|Any CPU
		{ACB8C2F5-3C3D-4116-8A9C-5E7D8D7B0B83}.Test|x86.ActiveCfg = Release|x86
		{ACB8C2F5-3C3D-4116-8A9C-5E7D8D7B0B83}.Test|x86.Build.0 = Release|x86
		{D67739CD-944E-4E88-B313-0E091CEA185B}.Debug|Any CPU.ActiveCfg = Debug|Any CPU
		{D67739CD-944E-4E88-B313-0E091CEA185B}.Debug|Any CPU.Build.0 = Debug|Any CPU
		{D67739CD-944E-4E88-B313-0E091CEA185B}.Debug|x86.ActiveCfg = Debug|Any CPU
		{D67739CD-944E-4E88-B313-0E091CEA185B}.Release|Any CPU.ActiveCfg = Release|Any CPU
		{D67739CD-944E-4E88-B313-0E091CEA185B}.Release|Any CPU.Build.0 = Release|Any CPU
		{D67739CD-944E-4E88-B313-0E091CEA185B}.Release|x86.ActiveCfg = Release|Any CPU
		{D67739CD-944E-4E88-B313-0E091CEA185B}.Test|Any CPU.ActiveCfg = Release|Any CPU
		{D67739CD-944E-4E88-B313-0E091CEA185B}.Test|Any CPU.Build.0 = Release|Any CPU
		{D67739CD-944E-4E88-B313-0E091CEA185B}.Test|x86.ActiveCfg = Release|Any CPU
		{117D2204-3AF6-4A14-BAA1-50FB9B77C6F0}.Debug|Any CPU.ActiveCfg = Debug|Any CPU
		{117D2204-3AF6-4A14-BAA1-50FB9B77C6F0}.Debug|Any CPU.Build.0 = Debug|Any CPU
		{117D2204-3AF6-4A14-BAA1-50FB9B77C6F0}.Debug|x86.ActiveCfg = Debug|Any CPU
		{117D2204-3AF6-4A14-BAA1-50FB9B77C6F0}.Release|Any CPU.ActiveCfg = Release|Any CPU
		{117D2204-3AF6-4A14-BAA1-50FB9B77C6F0}.Release|Any CPU.Build.0 = Release|Any CPU
		{117D2204-3AF6-4A14-BAA1-50FB9B77C6F0}.Release|x86.ActiveCfg = Release|Any CPU
		{117D2204-3AF6-4A14-BAA1-50FB9B77C6F0}.Test|Any CPU.ActiveCfg = Release|Any CPU
		{117D2204-3AF6-4A14-BAA1-50FB9B77C6F0}.Test|Any CPU.Build.0 = Release|Any CPU
		{117D2204-3AF6-4A14-BAA1-50FB9B77C6F0}.Test|x86.ActiveCfg = Release|Any CPU
		{2109C6DD-2FC7-42B1-8D9C-351DEA69DE76}.Debug|Any CPU.ActiveCfg = Debug|Any CPU
		{2109C6DD-2FC7-42B1-8D9C-351DEA69DE76}.Debug|Any CPU.Build.0 = Debug|Any CPU
		{2109C6DD-2FC7-42B1-8D9C-351DEA69DE76}.Debug|x86.ActiveCfg = Debug|Any CPU
		{2109C6DD-2FC7-42B1-8D9C-351DEA69DE76}.Release|Any CPU.ActiveCfg = Release|Any CPU
		{2109C6DD-2FC7-42B1-8D9C-351DEA69DE76}.Release|Any CPU.Build.0 = Release|Any CPU
		{2109C6DD-2FC7-42B1-8D9C-351DEA69DE76}.Release|x86.ActiveCfg = Release|Any CPU
		{2109C6DD-2FC7-42B1-8D9C-351DEA69DE76}.Test|Any CPU.ActiveCfg = Release|Any CPU
		{2109C6DD-2FC7-42B1-8D9C-351DEA69DE76}.Test|Any CPU.Build.0 = Release|Any CPU
		{2109C6DD-2FC7-42B1-8D9C-351DEA69DE76}.Test|x86.ActiveCfg = Release|Any CPU
		{8135DBBC-E388-4CEC-BDCC-B9C3DA7E28B7}.Debug|Any CPU.ActiveCfg = Debug|Any CPU
		{8135DBBC-E388-4CEC-BDCC-B9C3DA7E28B7}.Debug|Any CPU.Build.0 = Debug|Any CPU
		{8135DBBC-E388-4CEC-BDCC-B9C3DA7E28B7}.Debug|x86.ActiveCfg = Debug|Any CPU
		{8135DBBC-E388-4CEC-BDCC-B9C3DA7E28B7}.Release|Any CPU.ActiveCfg = Release|Any CPU
		{8135DBBC-E388-4CEC-BDCC-B9C3DA7E28B7}.Release|Any CPU.Build.0 = Release|Any CPU
		{8135DBBC-E388-4CEC-BDCC-B9C3DA7E28B7}.Release|x86.ActiveCfg = Release|Any CPU
		{8135DBBC-E388-4CEC-BDCC-B9C3DA7E28B7}.Test|Any CPU.ActiveCfg = Release|Any CPU
		{8135DBBC-E388-4CEC-BDCC-B9C3DA7E28B7}.Test|Any CPU.Build.0 = Release|Any CPU
		{8135DBBC-E388-4CEC-BDCC-B9C3DA7E28B7}.Test|x86.ActiveCfg = Release|Any CPU
		{77DC46EB-600B-4761-A601-AEAC09D62594}.Debug|Any CPU.ActiveCfg = Debug|Any CPU
		{77DC46EB-600B-4761-A601-AEAC09D62594}.Debug|Any CPU.Build.0 = Debug|Any CPU
		{77DC46EB-600B-4761-A601-AEAC09D62594}.Debug|x86.ActiveCfg = Debug|Any CPU
		{77DC46EB-600B-4761-A601-AEAC09D62594}.Release|Any CPU.ActiveCfg = Release|Any CPU
		{77DC46EB-600B-4761-A601-AEAC09D62594}.Release|Any CPU.Build.0 = Release|Any CPU
		{77DC46EB-600B-4761-A601-AEAC09D62594}.Release|x86.ActiveCfg = Release|Any CPU
		{77DC46EB-600B-4761-A601-AEAC09D62594}.Test|Any CPU.ActiveCfg = Release|Any CPU
		{77DC46EB-600B-4761-A601-AEAC09D62594}.Test|Any CPU.Build.0 = Release|Any CPU
		{77DC46EB-600B-4761-A601-AEAC09D62594}.Test|x86.ActiveCfg = Release|Any CPU
		{B2384F64-BFCE-4FEF-8CD4-483137D56E5A}.Debug|Any CPU.ActiveCfg = Debug|Any CPU
		{B2384F64-BFCE-4FEF-8CD4-483137D56E5A}.Debug|Any CPU.Build.0 = Debug|Any CPU
		{B2384F64-BFCE-4FEF-8CD4-483137D56E5A}.Debug|x86.ActiveCfg = Debug|Any CPU
		{B2384F64-BFCE-4FEF-8CD4-483137D56E5A}.Release|Any CPU.ActiveCfg = Release|Any CPU
		{B2384F64-BFCE-4FEF-8CD4-483137D56E5A}.Release|Any CPU.Build.0 = Release|Any CPU
		{B2384F64-BFCE-4FEF-8CD4-483137D56E5A}.Release|x86.ActiveCfg = Release|Any CPU
		{B2384F64-BFCE-4FEF-8CD4-483137D56E5A}.Test|Any CPU.ActiveCfg = Release|Any CPU
		{B2384F64-BFCE-4FEF-8CD4-483137D56E5A}.Test|Any CPU.Build.0 = Release|Any CPU
		{B2384F64-BFCE-4FEF-8CD4-483137D56E5A}.Test|x86.ActiveCfg = Release|Any CPU
		{17CDFD2E-E3E0-4DDD-AD71-9AA8434705E7}.Debug|Any CPU.ActiveCfg = Debug|Any CPU
		{17CDFD2E-E3E0-4DDD-AD71-9AA8434705E7}.Debug|Any CPU.Build.0 = Debug|Any CPU
		{17CDFD2E-E3E0-4DDD-AD71-9AA8434705E7}.Debug|x86.ActiveCfg = Debug|Any CPU
		{17CDFD2E-E3E0-4DDD-AD71-9AA8434705E7}.Release|Any CPU.ActiveCfg = Release|Any CPU
		{17CDFD2E-E3E0-4DDD-AD71-9AA8434705E7}.Release|Any CPU.Build.0 = Release|Any CPU
		{17CDFD2E-E3E0-4DDD-AD71-9AA8434705E7}.Release|x86.ActiveCfg = Release|Any CPU
		{17CDFD2E-E3E0-4DDD-AD71-9AA8434705E7}.Test|Any CPU.ActiveCfg = Release|Any CPU
		{17CDFD2E-E3E0-4DDD-AD71-9AA8434705E7}.Test|Any CPU.Build.0 = Release|Any CPU
		{17CDFD2E-E3E0-4DDD-AD71-9AA8434705E7}.Test|x86.ActiveCfg = Release|Any CPU
		{394C0B79-0B29-426C-B990-474DA0303FB9}.Debug|Any CPU.ActiveCfg = Debug|Any CPU
		{394C0B79-0B29-426C-B990-474DA0303FB9}.Debug|Any CPU.Build.0 = Debug|Any CPU
		{394C0B79-0B29-426C-B990-474DA0303FB9}.Debug|x86.ActiveCfg = Debug|Any CPU
		{394C0B79-0B29-426C-B990-474DA0303FB9}.Release|Any CPU.ActiveCfg = Release|Any CPU
		{394C0B79-0B29-426C-B990-474DA0303FB9}.Release|Any CPU.Build.0 = Release|Any CPU
		{394C0B79-0B29-426C-B990-474DA0303FB9}.Release|x86.ActiveCfg = Release|Any CPU
		{394C0B79-0B29-426C-B990-474DA0303FB9}.Test|Any CPU.ActiveCfg = Release|Any CPU
		{394C0B79-0B29-426C-B990-474DA0303FB9}.Test|Any CPU.Build.0 = Release|Any CPU
		{394C0B79-0B29-426C-B990-474DA0303FB9}.Test|x86.ActiveCfg = Release|Any CPU
		{64644CCE-0CC9-4CE5-BF0E-E45E425F6339}.Debug|Any CPU.ActiveCfg = Debug|Any CPU
		{64644CCE-0CC9-4CE5-BF0E-E45E425F6339}.Debug|Any CPU.Build.0 = Debug|Any CPU
		{64644CCE-0CC9-4CE5-BF0E-E45E425F6339}.Debug|x86.ActiveCfg = Debug|Any CPU
		{64644CCE-0CC9-4CE5-BF0E-E45E425F6339}.Release|Any CPU.ActiveCfg = Release|Any CPU
		{64644CCE-0CC9-4CE5-BF0E-E45E425F6339}.Release|Any CPU.Build.0 = Release|Any CPU
		{64644CCE-0CC9-4CE5-BF0E-E45E425F6339}.Release|x86.ActiveCfg = Release|Any CPU
		{64644CCE-0CC9-4CE5-BF0E-E45E425F6339}.Test|Any CPU.ActiveCfg = Release|Any CPU
		{64644CCE-0CC9-4CE5-BF0E-E45E425F6339}.Test|Any CPU.Build.0 = Release|Any CPU
		{64644CCE-0CC9-4CE5-BF0E-E45E425F6339}.Test|x86.ActiveCfg = Release|Any CPU
		{E7E4E4BE-2C42-445F-8251-F2842557115E}.Debug|Any CPU.ActiveCfg = Debug|Any CPU
		{E7E4E4BE-2C42-445F-8251-F2842557115E}.Debug|Any CPU.Build.0 = Debug|Any CPU
		{E7E4E4BE-2C42-445F-8251-F2842557115E}.Debug|x86.ActiveCfg = Debug|Any CPU
		{E7E4E4BE-2C42-445F-8251-F2842557115E}.Release|Any CPU.ActiveCfg = Release|Any CPU
		{E7E4E4BE-2C42-445F-8251-F2842557115E}.Release|Any CPU.Build.0 = Release|Any CPU
		{E7E4E4BE-2C42-445F-8251-F2842557115E}.Release|x86.ActiveCfg = Release|Any CPU
		{E7E4E4BE-2C42-445F-8251-F2842557115E}.Test|Any CPU.ActiveCfg = Release|Any CPU
		{E7E4E4BE-2C42-445F-8251-F2842557115E}.Test|Any CPU.Build.0 = Release|Any CPU
		{E7E4E4BE-2C42-445F-8251-F2842557115E}.Test|x86.ActiveCfg = Release|Any CPU
		{C1407577-654E-4862-A15B-B8D1BA630363}.Debug|Any CPU.ActiveCfg = Debug|Any CPU
		{C1407577-654E-4862-A15B-B8D1BA630363}.Debug|Any CPU.Build.0 = Debug|Any CPU
		{C1407577-654E-4862-A15B-B8D1BA630363}.Debug|x86.ActiveCfg = Debug|Any CPU
		{C1407577-654E-4862-A15B-B8D1BA630363}.Release|Any CPU.ActiveCfg = Release|Any CPU
		{C1407577-654E-4862-A15B-B8D1BA630363}.Release|Any CPU.Build.0 = Release|Any CPU
		{C1407577-654E-4862-A15B-B8D1BA630363}.Release|x86.ActiveCfg = Release|Any CPU
		{C1407577-654E-4862-A15B-B8D1BA630363}.Test|Any CPU.ActiveCfg = Release|Any CPU
		{C1407577-654E-4862-A15B-B8D1BA630363}.Test|Any CPU.Build.0 = Release|Any CPU
		{C1407577-654E-4862-A15B-B8D1BA630363}.Test|x86.ActiveCfg = Release|Any CPU
		{546F9C7A-0E73-4042-9CCC-F1292154B1BE}.Debug|Any CPU.ActiveCfg = Debug|Any CPU
		{546F9C7A-0E73-4042-9CCC-F1292154B1BE}.Debug|Any CPU.Build.0 = Debug|Any CPU
		{546F9C7A-0E73-4042-9CCC-F1292154B1BE}.Debug|x86.ActiveCfg = Debug|Any CPU
		{546F9C7A-0E73-4042-9CCC-F1292154B1BE}.Release|Any CPU.ActiveCfg = Release|Any CPU
		{546F9C7A-0E73-4042-9CCC-F1292154B1BE}.Release|Any CPU.Build.0 = Release|Any CPU
		{546F9C7A-0E73-4042-9CCC-F1292154B1BE}.Release|x86.ActiveCfg = Release|Any CPU
		{546F9C7A-0E73-4042-9CCC-F1292154B1BE}.Test|Any CPU.ActiveCfg = Release|Any CPU
		{546F9C7A-0E73-4042-9CCC-F1292154B1BE}.Test|Any CPU.Build.0 = Release|Any CPU
		{546F9C7A-0E73-4042-9CCC-F1292154B1BE}.Test|x86.ActiveCfg = Release|Any CPU
	EndGlobalSection
	GlobalSection(SolutionProperties) = preSolution
		HideSolutionNode = FALSE
	EndGlobalSection
EndGlobal
